// !$*UTF8*$!
{
	archiveVersion = 1;
	classes = {
	};
	objectVersion = 46;
	objects = {

/* Begin PBXBuildFile section */
		DC10DEEE19A126AB0027F37D /* globe@2x.png in Resources */ = {isa = PBXBuildFile; fileRef = DC10DEED19A126AB0027F37D /* globe@2x.png */; };
		DC10DEF019A126B20027F37D /* delete@2x.png in Resources */ = {isa = PBXBuildFile; fileRef = DC10DEEF19A126B20027F37D /* delete@2x.png */; };
		DC10DEF219A126B90027F37D /* return@2x.png in Resources */ = {isa = PBXBuildFile; fileRef = DC10DEF119A126B90027F37D /* return@2x.png */; };
		DC10DEF819A194970027F37D /* NSString+Morphing.m in Sources */ = {isa = PBXBuildFile; fileRef = DC10DEF519A194970027F37D /* NSString+Morphing.m */; };
		DC10DEF919A194970027F37D /* TOMSMorphingLabel.m in Sources */ = {isa = PBXBuildFile; fileRef = DC10DEF719A194970027F37D /* TOMSMorphingLabel.m */; };
		DC33BD8419BCF5230088AB9A /* CustomButton.m in Sources */ = {isa = PBXBuildFile; fileRef = DC33BD8319BCF5230088AB9A /* CustomButton.m */; };
		DC33BD8619BCF6F10088AB9A /* update-75@2x.png in Resources */ = {isa = PBXBuildFile; fileRef = DC33BD8519BCF6F10088AB9A /* update-75@2x.png */; };
		DC354AA919C019B900B9A4CF /* iphoneKeyboard.mp4 in Resources */ = {isa = PBXBuildFile; fileRef = DC354AA819C019B900B9A4CF /* iphoneKeyboard.mp4 */; };
		DC5F430F1998621B0077BF33 /* KeyboardView.xib in Resources */ = {isa = PBXBuildFile; fileRef = DC5F430E1998621B0077BF33 /* KeyboardView.xib */; };
		DC5F43121998663F0077BF33 /* Keyboardview.m in Sources */ = {isa = PBXBuildFile; fileRef = DC5F43111998663F0077BF33 /* Keyboardview.m */; };
		DC5F431519986DA90077BF33 /* ADLivelyCollectionView.m in Sources */ = {isa = PBXBuildFile; fileRef = DC5F431419986DA90077BF33 /* ADLivelyCollectionView.m */; settings = {COMPILER_FLAGS = "-fno-objc-arc"; }; };
		DC5F4319199870BC0077BF33 /* LDCollectionViewCell.m in Sources */ = {isa = PBXBuildFile; fileRef = DC5F4317199870BC0077BF33 /* LDCollectionViewCell.m */; settings = {COMPILER_FLAGS = "-fno-objc-arc"; }; };
		DC5F431A199870BC0077BF33 /* LDCollectionViewCell.xib in Resources */ = {isa = PBXBuildFile; fileRef = DC5F4318199870BC0077BF33 /* LDCollectionViewCell.xib */; };
		DC6308AF19BB88CB0082E20E /* ProfileCard.xib in Resources */ = {isa = PBXBuildFile; fileRef = DC6308AE19BB88CB0082E20E /* ProfileCard.xib */; };
		DC6308B319BB8C1A0082E20E /* 2f_tap-75@2x.png in Resources */ = {isa = PBXBuildFile; fileRef = DC6308B219BB8C1A0082E20E /* 2f_tap-75@2x.png */; };
		DC6308B519BB8FA50082E20E /* info-75@2x.png in Resources */ = {isa = PBXBuildFile; fileRef = DC6308B419BB8FA50082E20E /* info-75@2x.png */; };
		DC6308B819BB90450082E20E /* TipsViewController.m in Sources */ = {isa = PBXBuildFile; fileRef = DC6308B719BB90450082E20E /* TipsViewController.m */; };
		DC6308BD19BCA87D0082E20E /* TabBarController.m in Sources */ = {isa = PBXBuildFile; fileRef = DC6308BC19BCA87D0082E20E /* TabBarController.m */; };
		DC6308C319BCAE070082E20E /* MovieController.m in Sources */ = {isa = PBXBuildFile; fileRef = DC6308C219BCAE070082E20E /* MovieController.m */; };
		DC6308C819BCB2990082E20E /* AVKit.framework in Frameworks */ = {isa = PBXBuildFile; fileRef = DC6308C419BCAE530082E20E /* AVKit.framework */; };
		DC6308CC19BCB5950082E20E /* playMovie@2x.png in Resources */ = {isa = PBXBuildFile; fileRef = DC6308CB19BCB5950082E20E /* playMovie@2x.png */; };
		DC639AA219985DBF00ED1449 /* main.m in Sources */ = {isa = PBXBuildFile; fileRef = DC639AA119985DBF00ED1449 /* main.m */; };
		DC639AA519985DBF00ED1449 /* AppDelegate.m in Sources */ = {isa = PBXBuildFile; fileRef = DC639AA419985DBF00ED1449 /* AppDelegate.m */; };
		DC639AA819985DBF00ED1449 /* ViewController.m in Sources */ = {isa = PBXBuildFile; fileRef = DC639AA719985DBF00ED1449 /* ViewController.m */; };
		DC639AAB19985DBF00ED1449 /* Main.storyboard in Resources */ = {isa = PBXBuildFile; fileRef = DC639AA919985DBF00ED1449 /* Main.storyboard */; };
		DC639AAD19985DBF00ED1449 /* Images.xcassets in Resources */ = {isa = PBXBuildFile; fileRef = DC639AAC19985DBF00ED1449 /* Images.xcassets */; };
		DC639ACC19985E3800ED1449 /* KeyboardViewController.m in Sources */ = {isa = PBXBuildFile; fileRef = DC639ACB19985E3800ED1449 /* KeyboardViewController.m */; };
		DC639ACF19985E3800ED1449 /* keyboardext.appex in Embed App Extensions */ = {isa = PBXBuildFile; fileRef = DC639AC619985E3800ED1449 /* keyboardext.appex */; settings = {ATTRIBUTES = (RemoveHeadersOnCopy, ); }; };
		DC6B089919B8750400F63A59 /* blueGradient@2x.png in Resources */ = {isa = PBXBuildFile; fileRef = DC6B089819B8750400F63A59 /* blueGradient@2x.png */; };
		DC6B089C19B9F15900F63A59 /* greenGradient@2x.png in Resources */ = {isa = PBXBuildFile; fileRef = DC6B089A19B9F15900F63A59 /* greenGradient@2x.png */; };
		DC6B08C019BB43DA00F63A59 /* LICENSE in Resources */ = {isa = PBXBuildFile; fileRef = DC6B089F19BB43DA00F63A59 /* LICENSE */; };
		DC6B08C119BB43DA00F63A59 /* MDCGeometry.m in Sources */ = {isa = PBXBuildFile; fileRef = DC6B08A319BB43DA00F63A59 /* MDCGeometry.m */; };
		DC6B08C219BB43DA00F63A59 /* MDCViewState.m in Sources */ = {isa = PBXBuildFile; fileRef = DC6B08A619BB43DA00F63A59 /* MDCViewState.m */; };
		DC6B08C319BB43DA00F63A59 /* UIColor+MDCRGB8Bit.m in Sources */ = {isa = PBXBuildFile; fileRef = DC6B08A819BB43DA00F63A59 /* UIColor+MDCRGB8Bit.m */; };
		DC6B08C419BB43DA00F63A59 /* UIView+MDCBorderedLabel.m in Sources */ = {isa = PBXBuildFile; fileRef = DC6B08AB19BB43DA00F63A59 /* UIView+MDCBorderedLabel.m */; };
		DC6B08C519BB43DA00F63A59 /* MDCSwipeOptions.m in Sources */ = {isa = PBXBuildFile; fileRef = DC6B08B019BB43DA00F63A59 /* MDCSwipeOptions.m */; };
		DC6B08C619BB43DA00F63A59 /* MDCSwipeToChooseViewOptions.m in Sources */ = {isa = PBXBuildFile; fileRef = DC6B08B219BB43DA00F63A59 /* MDCSwipeToChooseViewOptions.m */; };
		DC6B08C719BB43DA00F63A59 /* MDCPanState.m in Sources */ = {isa = PBXBuildFile; fileRef = DC6B08B519BB43DA00F63A59 /* MDCPanState.m */; };
		DC6B08C819BB43DA00F63A59 /* MDCSwipeResult.m in Sources */ = {isa = PBXBuildFile; fileRef = DC6B08B819BB43DA00F63A59 /* MDCSwipeResult.m */; };
		DC6B08C919BB43DA00F63A59 /* MDCSwipeToChooseView.m in Sources */ = {isa = PBXBuildFile; fileRef = DC6B08BC19BB43DA00F63A59 /* MDCSwipeToChooseView.m */; };
		DC6B08CA19BB43DA00F63A59 /* UIView+MDCSwipeToChoose.m in Sources */ = {isa = PBXBuildFile; fileRef = DC6B08BE19BB43DA00F63A59 /* UIView+MDCSwipeToChoose.m */; };
		DC6B08CB19BB43DA00F63A59 /* README.md in Sources */ = {isa = PBXBuildFile; fileRef = DC6B08BF19BB43DA00F63A59 /* README.md */; };
		DC6B08CE19BB467300F63A59 /* BrowserViewController.m in Sources */ = {isa = PBXBuildFile; fileRef = DC6B08CD19BB467300F63A59 /* BrowserViewController.m */; };
		DC6B08D119BB481D00F63A59 /* ProfileCard.m in Sources */ = {isa = PBXBuildFile; fileRef = DC6B08D019BB481D00F63A59 /* ProfileCard.m */; };
		DC6B08D419BB484900F63A59 /* Person.m in Sources */ = {isa = PBXBuildFile; fileRef = DC6B08D319BB484900F63A59 /* Person.m */; };
		DC7C134119A83B68004B3D79 /* CustomizerViewController.m in Sources */ = {isa = PBXBuildFile; fileRef = DC7C134019A83B68004B3D79 /* CustomizerViewController.m */; };
		DC7C134219A84240004B3D79 /* NSString+Morphing.h in Sources */ = {isa = PBXBuildFile; fileRef = DC10DEF419A194970027F37D /* NSString+Morphing.h */; };
		DC7C134319A84240004B3D79 /* NSString+Morphing.m in Sources */ = {isa = PBXBuildFile; fileRef = DC10DEF519A194970027F37D /* NSString+Morphing.m */; };
		DC7C134419A84240004B3D79 /* TOMSMorphingLabel.h in Sources */ = {isa = PBXBuildFile; fileRef = DC10DEF619A194970027F37D /* TOMSMorphingLabel.h */; };
		DC7C134519A84240004B3D79 /* TOMSMorphingLabel.m in Sources */ = {isa = PBXBuildFile; fileRef = DC10DEF719A194970027F37D /* TOMSMorphingLabel.m */; };
		DC7C134619A84240004B3D79 /* LDCollectionViewCell.h in Sources */ = {isa = PBXBuildFile; fileRef = DC5F4316199870BC0077BF33 /* LDCollectionViewCell.h */; };
		DC7C134719A84240004B3D79 /* LDCollectionViewCell.m in Sources */ = {isa = PBXBuildFile; fileRef = DC5F4317199870BC0077BF33 /* LDCollectionViewCell.m */; settings = {COMPILER_FLAGS = "-fno-objc-arc"; }; };
		DC7C134819A84240004B3D79 /* LDCollectionViewCell.xib in Sources */ = {isa = PBXBuildFile; fileRef = DC5F4318199870BC0077BF33 /* LDCollectionViewCell.xib */; };
		DC7C134919A84240004B3D79 /* ADLivelyCollectionView.h in Sources */ = {isa = PBXBuildFile; fileRef = DC5F431319986DA90077BF33 /* ADLivelyCollectionView.h */; };
		DC7C134A19A84240004B3D79 /* ADLivelyCollectionView.m in Sources */ = {isa = PBXBuildFile; fileRef = DC5F431419986DA90077BF33 /* ADLivelyCollectionView.m */; settings = {COMPILER_FLAGS = "-fno-objc-arc"; }; };
		DC7C134B19A84240004B3D79 /* KeyboardViewController.h in Sources */ = {isa = PBXBuildFile; fileRef = DC639ACA19985E3800ED1449 /* KeyboardViewController.h */; };
		DC7C134C19A84240004B3D79 /* KeyboardViewController.m in Sources */ = {isa = PBXBuildFile; fileRef = DC639ACB19985E3800ED1449 /* KeyboardViewController.m */; };
		DC8C19DF19B3542B003DE825 /* keyboard-75@2x.png in Resources */ = {isa = PBXBuildFile; fileRef = DC8C19DE19B3542B003DE825 /* keyboard-75@2x.png */; };
		DCBDB60B19BDD9DF00BA1D6D /* SVProgressHUD.bundle in Resources */ = {isa = PBXBuildFile; fileRef = DCBDB60819BDD9DF00BA1D6D /* SVProgressHUD.bundle */; };
		DCBDB60C19BDD9DF00BA1D6D /* SVProgressHUD.m in Sources */ = {isa = PBXBuildFile; fileRef = DCBDB60A19BDD9DF00BA1D6D /* SVProgressHUD.m */; };
		DCBDB61119BDE70300BA1D6D /* UIActionSheet+Blocks.m in Sources */ = {isa = PBXBuildFile; fileRef = DCBDB60E19BDE70300BA1D6D /* UIActionSheet+Blocks.m */; };
		DCBDB61219BDE70300BA1D6D /* UIAlertView+Blocks.m in Sources */ = {isa = PBXBuildFile; fileRef = DCBDB61019BDE70300BA1D6D /* UIAlertView+Blocks.m */; };
		DCBDB61519BDE72500BA1D6D /* RIButtonItem.m in Sources */ = {isa = PBXBuildFile; fileRef = DCBDB61419BDE72500BA1D6D /* RIButtonItem.m */; };
		DCBDB61919BEACC100BA1D6D /* question-128@2x.png in Resources */ = {isa = PBXBuildFile; fileRef = DCBDB61819BEACC100BA1D6D /* question-128@2x.png */; };
		DCBDB61B19BEAE6B00BA1D6D /* like-128@2x.png in Resources */ = {isa = PBXBuildFile; fileRef = DCBDB61A19BEAE6B00BA1D6D /* like-128@2x.png */; };
		DCBDB61D19BEAEFA00BA1D6D /* close-128.png in Resources */ = {isa = PBXBuildFile; fileRef = DCBDB61C19BEAEFA00BA1D6D /* close-128.png */; };
		DCBDB61F19BEAF4A00BA1D6D /* unlike@2x.png in Resources */ = {isa = PBXBuildFile; fileRef = DCBDB61E19BEAF4A00BA1D6D /* unlike@2x.png */; };
		DCBDB62519BEB0A600BA1D6D /* eyes@2x.png in Resources */ = {isa = PBXBuildFile; fileRef = DCBDB62419BEB0A600BA1D6D /* eyes@2x.png */; };
		DCBDB62719BEB6EC00BA1D6D /* MessageUI.framework in Frameworks */ = {isa = PBXBuildFile; fileRef = DCBDB62619BEB6EC00BA1D6D /* MessageUI.framework */; };
		DCBDB62919BEB92E00BA1D6D /* child_new_post-128@2x.png in Resources */ = {isa = PBXBuildFile; fileRef = DCBDB62819BEB92E00BA1D6D /* child_new_post-128@2x.png */; };
		DCD7370A19B80C5A004D15D2 /* redGradient@2x.png in Resources */ = {isa = PBXBuildFile; fileRef = DCD7370919B80C5A004D15D2 /* redGradient@2x.png */; };
		DCD827DB19AFDAB2008076A8 /* world@2x.png in Resources */ = {isa = PBXBuildFile; fileRef = DCD827DA19AFDAB2008076A8 /* world@2x.png */; };
		DCD827DC19AFDAB2008076A8 /* world@2x.png in Resources */ = {isa = PBXBuildFile; fileRef = DCD827DA19AFDAB2008076A8 /* world@2x.png */; };
		DCD827DE19AFDB6D008076A8 /* globe-40@2x.png in Resources */ = {isa = PBXBuildFile; fileRef = DCD827DD19AFDB6D008076A8 /* globe-40@2x.png */; };
		DCD827DF19AFDB6D008076A8 /* globe-40@2x.png in Resources */ = {isa = PBXBuildFile; fileRef = DCD827DD19AFDB6D008076A8 /* globe-40@2x.png */; };
		DCD827E119AFDBDB008076A8 /* globe-32@2x.png in Resources */ = {isa = PBXBuildFile; fileRef = DCD827E019AFDBDB008076A8 /* globe-32@2x.png */; };
		DCD827E219AFDBDB008076A8 /* globe-32@2x.png in Resources */ = {isa = PBXBuildFile; fileRef = DCD827E019AFDBDB008076A8 /* globe-32@2x.png */; };
		DCD827EC19AFDDE5008076A8 /* KeyboardButton.m in Sources */ = {isa = PBXBuildFile; fileRef = DCD827EB19AFDDE5008076A8 /* KeyboardButton.m */; };
		DCD827EE19AFDFE7008076A8 /* share-48@2x.png in Resources */ = {isa = PBXBuildFile; fileRef = DCD827ED19AFDFE7008076A8 /* share-48@2x.png */; };
		DCD827F019AFE0DB008076A8 /* left_arrow-48@2x.png in Resources */ = {isa = PBXBuildFile; fileRef = DCD827EF19AFE0DB008076A8 /* left_arrow-48@2x.png */; };
		DCD827F219AFE17C008076A8 /* background_color-50@2x.png in Resources */ = {isa = PBXBuildFile; fileRef = DCD827F119AFE17C008076A8 /* background_color-50@2x.png */; };
		DCE5CFCB19BB80D700216C6B /* AFHTTPRequestOperation.m in Sources */ = {isa = PBXBuildFile; fileRef = DCE5CF5D19BB80D700216C6B /* AFHTTPRequestOperation.m */; };
		DCE5CFCC19BB80D700216C6B /* AFHTTPRequestOperationManager.m in Sources */ = {isa = PBXBuildFile; fileRef = DCE5CF5F19BB80D700216C6B /* AFHTTPRequestOperationManager.m */; };
		DCE5CFCD19BB80D700216C6B /* AFHTTPSessionManager.m in Sources */ = {isa = PBXBuildFile; fileRef = DCE5CF6119BB80D700216C6B /* AFHTTPSessionManager.m */; };
		DCE5CFCE19BB80D700216C6B /* AFNetworkReachabilityManager.m in Sources */ = {isa = PBXBuildFile; fileRef = DCE5CF6419BB80D700216C6B /* AFNetworkReachabilityManager.m */; };
		DCE5CFCF19BB80D700216C6B /* AFSecurityPolicy.m in Sources */ = {isa = PBXBuildFile; fileRef = DCE5CF6619BB80D700216C6B /* AFSecurityPolicy.m */; };
		DCE5CFD019BB80D700216C6B /* AFURLConnectionOperation.m in Sources */ = {isa = PBXBuildFile; fileRef = DCE5CF6819BB80D700216C6B /* AFURLConnectionOperation.m */; };
		DCE5CFD119BB80D700216C6B /* AFURLRequestSerialization.m in Sources */ = {isa = PBXBuildFile; fileRef = DCE5CF6A19BB80D700216C6B /* AFURLRequestSerialization.m */; };
		DCE5CFD219BB80D700216C6B /* AFURLResponseSerialization.m in Sources */ = {isa = PBXBuildFile; fileRef = DCE5CF6C19BB80D700216C6B /* AFURLResponseSerialization.m */; };
		DCE5CFD319BB80D700216C6B /* AFURLSessionManager.m in Sources */ = {isa = PBXBuildFile; fileRef = DCE5CF6E19BB80D700216C6B /* AFURLSessionManager.m */; };
		DCE5CFD419BB80D700216C6B /* LICENSE in Resources */ = {isa = PBXBuildFile; fileRef = DCE5CF6F19BB80D700216C6B /* LICENSE */; };
		DCE5CFD519BB80D700216C6B /* README.md in Sources */ = {isa = PBXBuildFile; fileRef = DCE5CF7019BB80D700216C6B /* README.md */; };
		DCE5CFD619BB80D700216C6B /* AFNetworkActivityIndicatorManager.m in Sources */ = {isa = PBXBuildFile; fileRef = DCE5CF7319BB80D700216C6B /* AFNetworkActivityIndicatorManager.m */; };
		DCE5CFD719BB80D700216C6B /* UIActivityIndicatorView+AFNetworking.m in Sources */ = {isa = PBXBuildFile; fileRef = DCE5CF7519BB80D700216C6B /* UIActivityIndicatorView+AFNetworking.m */; };
		DCE5CFD819BB80D700216C6B /* UIAlertView+AFNetworking.m in Sources */ = {isa = PBXBuildFile; fileRef = DCE5CF7719BB80D700216C6B /* UIAlertView+AFNetworking.m */; };
		DCE5CFD919BB80D700216C6B /* UIButton+AFNetworking.m in Sources */ = {isa = PBXBuildFile; fileRef = DCE5CF7919BB80D700216C6B /* UIButton+AFNetworking.m */; };
		DCE5CFDA19BB80D700216C6B /* UIImageView+AFNetworking.m in Sources */ = {isa = PBXBuildFile; fileRef = DCE5CF7B19BB80D700216C6B /* UIImageView+AFNetworking.m */; };
		DCE5CFDB19BB80D700216C6B /* UIProgressView+AFNetworking.m in Sources */ = {isa = PBXBuildFile; fileRef = DCE5CF7E19BB80D700216C6B /* UIProgressView+AFNetworking.m */; };
		DCE5CFDC19BB80D700216C6B /* UIRefreshControl+AFNetworking.m in Sources */ = {isa = PBXBuildFile; fileRef = DCE5CF8019BB80D700216C6B /* UIRefreshControl+AFNetworking.m */; };
		DCE5CFDD19BB80D700216C6B /* UIWebView+AFNetworking.m in Sources */ = {isa = PBXBuildFile; fileRef = DCE5CF8219BB80D700216C6B /* UIWebView+AFNetworking.m */; };
		DCE5CFDE19BB80D700216C6B /* ChameleonStatusBar.m in Sources */ = {isa = PBXBuildFile; fileRef = DCE5CF8819BB80D700216C6B /* ChameleonStatusBar.m */; };
		DCE5CFDF19BB80D700216C6B /* NSArray+Chameleon.m in Sources */ = {isa = PBXBuildFile; fileRef = DCE5CF8A19BB80D700216C6B /* NSArray+Chameleon.m */; };
		DCE5CFE019BB80D700216C6B /* UIColor+Chameleon.m in Sources */ = {isa = PBXBuildFile; fileRef = DCE5CF8C19BB80D700216C6B /* UIColor+Chameleon.m */; };
		DCE5CFE119BB80D700216C6B /* UIColor+CIELAB.m in Sources */ = {isa = PBXBuildFile; fileRef = DCE5CF8E19BB80D700216C6B /* UIColor+CIELAB.m */; };
		DCE5CFE219BB80D700216C6B /* UIViewController+Chameleon.m in Sources */ = {isa = PBXBuildFile; fileRef = DCE5CF9019BB80D700216C6B /* UIViewController+Chameleon.m */; };
		DCE5CFE319BB80D700216C6B /* LICENSE.md in Sources */ = {isa = PBXBuildFile; fileRef = DCE5CF9119BB80D700216C6B /* LICENSE.md */; };
		DCE5CFE419BB80D700216C6B /* README.md in Sources */ = {isa = PBXBuildFile; fileRef = DCE5CF9219BB80D700216C6B /* README.md */; };
/* End PBXBuildFile section */

/* Begin PBXContainerItemProxy section */
		DC639ACD19985E3800ED1449 /* PBXContainerItemProxy */ = {
			isa = PBXContainerItemProxy;
			containerPortal = DC639A9419985DBF00ED1449 /* Project object */;
			proxyType = 1;
			remoteGlobalIDString = DC639AC519985E3800ED1449;
			remoteInfo = keyboardext;
		};
		DC639AD019985E3800ED1449 /* PBXContainerItemProxy */ = {
			isa = PBXContainerItemProxy;
			containerPortal = DC639A9419985DBF00ED1449 /* Project object */;
			proxyType = 1;
			remoteGlobalIDString = DC639AC519985E3800ED1449;
			remoteInfo = keyboardext;
		};
/* End PBXContainerItemProxy section */

/* Begin PBXCopyFilesBuildPhase section */
		DC639AD519985E3800ED1449 /* Embed App Extensions */ = {
			isa = PBXCopyFilesBuildPhase;
			buildActionMask = 2147483647;
			dstPath = "";
			dstSubfolderSpec = 13;
			files = (
				DC639ACF19985E3800ED1449 /* keyboardext.appex in Embed App Extensions */,
			);
			name = "Embed App Extensions";
			runOnlyForDeploymentPostprocessing = 0;
		};
/* End PBXCopyFilesBuildPhase section */

/* Begin PBXFileReference section */
		735664914D614B1DB70C59AC /* libPods.a */ = {isa = PBXFileReference; explicitFileType = archive.ar; includeInIndex = 0; path = libPods.a; sourceTree = BUILT_PRODUCTS_DIR; };
		DC10DEED19A126AB0027F37D /* globe@2x.png */ = {isa = PBXFileReference; lastKnownFileType = image.png; name = "globe@2x.png"; path = "../keyboardext/globe@2x.png"; sourceTree = "<group>"; };
		DC10DEEF19A126B20027F37D /* delete@2x.png */ = {isa = PBXFileReference; lastKnownFileType = image.png; name = "delete@2x.png"; path = "../keyboardext/delete@2x.png"; sourceTree = "<group>"; };
		DC10DEF119A126B90027F37D /* return@2x.png */ = {isa = PBXFileReference; lastKnownFileType = image.png; name = "return@2x.png"; path = "../keyboardext/return@2x.png"; sourceTree = "<group>"; };
		DC10DEF419A194970027F37D /* NSString+Morphing.h */ = {isa = PBXFileReference; fileEncoding = 4; lastKnownFileType = sourcecode.c.h; path = "NSString+Morphing.h"; sourceTree = "<group>"; };
		DC10DEF519A194970027F37D /* NSString+Morphing.m */ = {isa = PBXFileReference; fileEncoding = 4; lastKnownFileType = sourcecode.c.objc; path = "NSString+Morphing.m"; sourceTree = "<group>"; };
		DC10DEF619A194970027F37D /* TOMSMorphingLabel.h */ = {isa = PBXFileReference; fileEncoding = 4; lastKnownFileType = sourcecode.c.h; path = TOMSMorphingLabel.h; sourceTree = "<group>"; };
		DC10DEF719A194970027F37D /* TOMSMorphingLabel.m */ = {isa = PBXFileReference; fileEncoding = 4; lastKnownFileType = sourcecode.c.objc; path = TOMSMorphingLabel.m; sourceTree = "<group>"; };
		DC10DEFA19A286430027F37D /* emojis.h */ = {isa = PBXFileReference; lastKnownFileType = sourcecode.c.h; path = emojis.h; sourceTree = "<group>"; };
		DC28365E199E401300E7625A /* kaomojikeyboard.entitlements */ = {isa = PBXFileReference; lastKnownFileType = text.xml; path = kaomojikeyboard.entitlements; sourceTree = "<group>"; };
		DC33BD8219BCF5230088AB9A /* CustomButton.h */ = {isa = PBXFileReference; fileEncoding = 4; lastKnownFileType = sourcecode.c.h; path = CustomButton.h; sourceTree = "<group>"; };
		DC33BD8319BCF5230088AB9A /* CustomButton.m */ = {isa = PBXFileReference; fileEncoding = 4; lastKnownFileType = sourcecode.c.objc; path = CustomButton.m; sourceTree = "<group>"; };
		DC33BD8519BCF6F10088AB9A /* update-75@2x.png */ = {isa = PBXFileReference; lastKnownFileType = image.png; path = "update-75@2x.png"; sourceTree = "<group>"; };
		DC354AA819C019B900B9A4CF /* iphoneKeyboard.mp4 */ = {isa = PBXFileReference; lastKnownFileType = file; path = iphoneKeyboard.mp4; sourceTree = "<group>"; };
		DC5F430E1998621B0077BF33 /* KeyboardView.xib */ = {isa = PBXFileReference; fileEncoding = 4; lastKnownFileType = file.xib; path = KeyboardView.xib; sourceTree = "<group>"; };
		DC5F43101998663F0077BF33 /* KeyboardView.h */ = {isa = PBXFileReference; fileEncoding = 4; lastKnownFileType = sourcecode.c.h; path = KeyboardView.h; sourceTree = "<group>"; };
		DC5F43111998663F0077BF33 /* Keyboardview.m */ = {isa = PBXFileReference; fileEncoding = 4; lastKnownFileType = sourcecode.c.objc; path = Keyboardview.m; sourceTree = "<group>"; };
		DC5F431319986DA90077BF33 /* ADLivelyCollectionView.h */ = {isa = PBXFileReference; fileEncoding = 4; lastKnownFileType = sourcecode.c.h; path = ADLivelyCollectionView.h; sourceTree = "<group>"; };
		DC5F431419986DA90077BF33 /* ADLivelyCollectionView.m */ = {isa = PBXFileReference; fileEncoding = 4; lastKnownFileType = sourcecode.c.objc; path = ADLivelyCollectionView.m; sourceTree = "<group>"; };
		DC5F4316199870BC0077BF33 /* LDCollectionViewCell.h */ = {isa = PBXFileReference; fileEncoding = 4; lastKnownFileType = sourcecode.c.h; path = LDCollectionViewCell.h; sourceTree = "<group>"; };
		DC5F4317199870BC0077BF33 /* LDCollectionViewCell.m */ = {isa = PBXFileReference; fileEncoding = 4; lastKnownFileType = sourcecode.c.objc; path = LDCollectionViewCell.m; sourceTree = "<group>"; };
		DC5F4318199870BC0077BF33 /* LDCollectionViewCell.xib */ = {isa = PBXFileReference; fileEncoding = 4; lastKnownFileType = file.xib; path = LDCollectionViewCell.xib; sourceTree = "<group>"; };
		DC6308AE19BB88CB0082E20E /* ProfileCard.xib */ = {isa = PBXFileReference; fileEncoding = 4; lastKnownFileType = file.xib; path = ProfileCard.xib; sourceTree = "<group>"; };
		DC6308B219BB8C1A0082E20E /* 2f_tap-75@2x.png */ = {isa = PBXFileReference; lastKnownFileType = image.png; path = "2f_tap-75@2x.png"; sourceTree = "<group>"; };
		DC6308B419BB8FA50082E20E /* info-75@2x.png */ = {isa = PBXFileReference; lastKnownFileType = image.png; path = "info-75@2x.png"; sourceTree = "<group>"; };
		DC6308B619BB90450082E20E /* TipsViewController.h */ = {isa = PBXFileReference; fileEncoding = 4; lastKnownFileType = sourcecode.c.h; path = TipsViewController.h; sourceTree = "<group>"; };
		DC6308B719BB90450082E20E /* TipsViewController.m */ = {isa = PBXFileReference; fileEncoding = 4; lastKnownFileType = sourcecode.c.objc; path = TipsViewController.m; sourceTree = "<group>"; };
		DC6308BB19BCA87D0082E20E /* TabBarController.h */ = {isa = PBXFileReference; fileEncoding = 4; lastKnownFileType = sourcecode.c.h; path = TabBarController.h; sourceTree = "<group>"; };
		DC6308BC19BCA87D0082E20E /* TabBarController.m */ = {isa = PBXFileReference; fileEncoding = 4; lastKnownFileType = sourcecode.c.objc; path = TabBarController.m; sourceTree = "<group>"; };
		DC6308C119BCAE070082E20E /* MovieController.h */ = {isa = PBXFileReference; fileEncoding = 4; lastKnownFileType = sourcecode.c.h; path = MovieController.h; sourceTree = "<group>"; };
		DC6308C219BCAE070082E20E /* MovieController.m */ = {isa = PBXFileReference; fileEncoding = 4; lastKnownFileType = sourcecode.c.objc; path = MovieController.m; sourceTree = "<group>"; };
		DC6308C419BCAE530082E20E /* AVKit.framework */ = {isa = PBXFileReference; lastKnownFileType = wrapper.framework; name = AVKit.framework; path = System/Library/Frameworks/AVKit.framework; sourceTree = SDKROOT; };
		DC6308C619BCAFF20082E20E /* AVFoundation.framework */ = {isa = PBXFileReference; lastKnownFileType = wrapper.framework; name = AVFoundation.framework; path = System/Library/Frameworks/AVFoundation.framework; sourceTree = SDKROOT; };
		DC6308CB19BCB5950082E20E /* playMovie@2x.png */ = {isa = PBXFileReference; lastKnownFileType = image.png; path = "playMovie@2x.png"; sourceTree = "<group>"; };
		DC639A9C19985DBF00ED1449 /* kaomojikeyboard.app */ = {isa = PBXFileReference; explicitFileType = wrapper.application; includeInIndex = 0; path = kaomojikeyboard.app; sourceTree = BUILT_PRODUCTS_DIR; };
		DC639AA019985DBF00ED1449 /* Info.plist */ = {isa = PBXFileReference; lastKnownFileType = text.plist.xml; path = Info.plist; sourceTree = "<group>"; };
		DC639AA119985DBF00ED1449 /* main.m */ = {isa = PBXFileReference; lastKnownFileType = sourcecode.c.objc; path = main.m; sourceTree = "<group>"; };
		DC639AA319985DBF00ED1449 /* AppDelegate.h */ = {isa = PBXFileReference; lastKnownFileType = sourcecode.c.h; path = AppDelegate.h; sourceTree = "<group>"; };
		DC639AA419985DBF00ED1449 /* AppDelegate.m */ = {isa = PBXFileReference; lastKnownFileType = sourcecode.c.objc; path = AppDelegate.m; sourceTree = "<group>"; };
		DC639AA619985DBF00ED1449 /* ViewController.h */ = {isa = PBXFileReference; lastKnownFileType = sourcecode.c.h; path = ViewController.h; sourceTree = "<group>"; };
		DC639AA719985DBF00ED1449 /* ViewController.m */ = {isa = PBXFileReference; lastKnownFileType = sourcecode.c.objc; path = ViewController.m; sourceTree = "<group>"; };
		DC639AAA19985DBF00ED1449 /* Base */ = {isa = PBXFileReference; lastKnownFileType = file.storyboard; name = Base; path = Base.lproj/Main.storyboard; sourceTree = "<group>"; };
		DC639AAC19985DBF00ED1449 /* Images.xcassets */ = {isa = PBXFileReference; lastKnownFileType = folder.assetcatalog; path = Images.xcassets; sourceTree = "<group>"; };
		DC639AC619985E3800ED1449 /* keyboardext.appex */ = {isa = PBXFileReference; explicitFileType = "wrapper.app-extension"; includeInIndex = 0; path = keyboardext.appex; sourceTree = BUILT_PRODUCTS_DIR; };
		DC639AC919985E3800ED1449 /* Info.plist */ = {isa = PBXFileReference; lastKnownFileType = text.plist.xml; path = Info.plist; sourceTree = "<group>"; };
		DC639ACA19985E3800ED1449 /* KeyboardViewController.h */ = {isa = PBXFileReference; lastKnownFileType = sourcecode.c.h; path = KeyboardViewController.h; sourceTree = "<group>"; };
		DC639ACB19985E3800ED1449 /* KeyboardViewController.m */ = {isa = PBXFileReference; lastKnownFileType = sourcecode.c.objc; path = KeyboardViewController.m; sourceTree = "<group>"; };
		DC6B089819B8750400F63A59 /* blueGradient@2x.png */ = {isa = PBXFileReference; lastKnownFileType = image.png; path = "blueGradient@2x.png"; sourceTree = "<group>"; };
		DC6B089A19B9F15900F63A59 /* greenGradient@2x.png */ = {isa = PBXFileReference; lastKnownFileType = image.png; path = "greenGradient@2x.png"; sourceTree = "<group>"; };
		DC6B089F19BB43DA00F63A59 /* LICENSE */ = {isa = PBXFileReference; fileEncoding = 4; lastKnownFileType = text; path = LICENSE; sourceTree = "<group>"; };
		DC6B08A219BB43DA00F63A59 /* MDCGeometry.h */ = {isa = PBXFileReference; fileEncoding = 4; lastKnownFileType = sourcecode.c.h; path = MDCGeometry.h; sourceTree = "<group>"; };
		DC6B08A319BB43DA00F63A59 /* MDCGeometry.m */ = {isa = PBXFileReference; fileEncoding = 4; lastKnownFileType = sourcecode.c.objc; path = MDCGeometry.m; sourceTree = "<group>"; };
		DC6B08A519BB43DA00F63A59 /* MDCViewState.h */ = {isa = PBXFileReference; fileEncoding = 4; lastKnownFileType = sourcecode.c.h; path = MDCViewState.h; sourceTree = "<group>"; };
		DC6B08A619BB43DA00F63A59 /* MDCViewState.m */ = {isa = PBXFileReference; fileEncoding = 4; lastKnownFileType = sourcecode.c.objc; path = MDCViewState.m; sourceTree = "<group>"; };
		DC6B08A719BB43DA00F63A59 /* UIColor+MDCRGB8Bit.h */ = {isa = PBXFileReference; fileEncoding = 4; lastKnownFileType = sourcecode.c.h; path = "UIColor+MDCRGB8Bit.h"; sourceTree = "<group>"; };
		DC6B08A819BB43DA00F63A59 /* UIColor+MDCRGB8Bit.m */ = {isa = PBXFileReference; fileEncoding = 4; lastKnownFileType = sourcecode.c.objc; path = "UIColor+MDCRGB8Bit.m"; sourceTree = "<group>"; };
		DC6B08AA19BB43DA00F63A59 /* UIView+MDCBorderedLabel.h */ = {isa = PBXFileReference; fileEncoding = 4; lastKnownFileType = sourcecode.c.h; path = "UIView+MDCBorderedLabel.h"; sourceTree = "<group>"; };
		DC6B08AB19BB43DA00F63A59 /* UIView+MDCBorderedLabel.m */ = {isa = PBXFileReference; fileEncoding = 4; lastKnownFileType = sourcecode.c.objc; path = "UIView+MDCBorderedLabel.m"; sourceTree = "<group>"; };
		DC6B08AD19BB43DA00F63A59 /* MDCSwipeToChoose.h */ = {isa = PBXFileReference; fileEncoding = 4; lastKnownFileType = sourcecode.c.h; path = MDCSwipeToChoose.h; sourceTree = "<group>"; };
		DC6B08AF19BB43DA00F63A59 /* MDCSwipeOptions.h */ = {isa = PBXFileReference; fileEncoding = 4; lastKnownFileType = sourcecode.c.h; path = MDCSwipeOptions.h; sourceTree = "<group>"; };
		DC6B08B019BB43DA00F63A59 /* MDCSwipeOptions.m */ = {isa = PBXFileReference; fileEncoding = 4; lastKnownFileType = sourcecode.c.objc; path = MDCSwipeOptions.m; sourceTree = "<group>"; };
		DC6B08B119BB43DA00F63A59 /* MDCSwipeToChooseViewOptions.h */ = {isa = PBXFileReference; fileEncoding = 4; lastKnownFileType = sourcecode.c.h; path = MDCSwipeToChooseViewOptions.h; sourceTree = "<group>"; };
		DC6B08B219BB43DA00F63A59 /* MDCSwipeToChooseViewOptions.m */ = {isa = PBXFileReference; fileEncoding = 4; lastKnownFileType = sourcecode.c.objc; path = MDCSwipeToChooseViewOptions.m; sourceTree = "<group>"; };
		DC6B08B419BB43DA00F63A59 /* MDCPanState.h */ = {isa = PBXFileReference; fileEncoding = 4; lastKnownFileType = sourcecode.c.h; path = MDCPanState.h; sourceTree = "<group>"; };
		DC6B08B519BB43DA00F63A59 /* MDCPanState.m */ = {isa = PBXFileReference; fileEncoding = 4; lastKnownFileType = sourcecode.c.objc; path = MDCPanState.m; sourceTree = "<group>"; };
		DC6B08B619BB43DA00F63A59 /* MDCSwipeDirection.h */ = {isa = PBXFileReference; fileEncoding = 4; lastKnownFileType = sourcecode.c.h; path = MDCSwipeDirection.h; sourceTree = "<group>"; };
		DC6B08B719BB43DA00F63A59 /* MDCSwipeResult.h */ = {isa = PBXFileReference; fileEncoding = 4; lastKnownFileType = sourcecode.c.h; path = MDCSwipeResult.h; sourceTree = "<group>"; };
		DC6B08B819BB43DA00F63A59 /* MDCSwipeResult.m */ = {isa = PBXFileReference; fileEncoding = 4; lastKnownFileType = sourcecode.c.objc; path = MDCSwipeResult.m; sourceTree = "<group>"; };
		DC6B08BA19BB43DA00F63A59 /* MDCSwipeToChooseDelegate.h */ = {isa = PBXFileReference; fileEncoding = 4; lastKnownFileType = sourcecode.c.h; path = MDCSwipeToChooseDelegate.h; sourceTree = "<group>"; };
		DC6B08BB19BB43DA00F63A59 /* MDCSwipeToChooseView.h */ = {isa = PBXFileReference; fileEncoding = 4; lastKnownFileType = sourcecode.c.h; path = MDCSwipeToChooseView.h; sourceTree = "<group>"; };
		DC6B08BC19BB43DA00F63A59 /* MDCSwipeToChooseView.m */ = {isa = PBXFileReference; fileEncoding = 4; lastKnownFileType = sourcecode.c.objc; path = MDCSwipeToChooseView.m; sourceTree = "<group>"; };
		DC6B08BD19BB43DA00F63A59 /* UIView+MDCSwipeToChoose.h */ = {isa = PBXFileReference; fileEncoding = 4; lastKnownFileType = sourcecode.c.h; path = "UIView+MDCSwipeToChoose.h"; sourceTree = "<group>"; };
		DC6B08BE19BB43DA00F63A59 /* UIView+MDCSwipeToChoose.m */ = {isa = PBXFileReference; fileEncoding = 4; lastKnownFileType = sourcecode.c.objc; path = "UIView+MDCSwipeToChoose.m"; sourceTree = "<group>"; };
		DC6B08BF19BB43DA00F63A59 /* README.md */ = {isa = PBXFileReference; fileEncoding = 4; lastKnownFileType = net.daringfireball.markdown; path = README.md; sourceTree = "<group>"; };
		DC6B08CC19BB467300F63A59 /* BrowserViewController.h */ = {isa = PBXFileReference; fileEncoding = 4; lastKnownFileType = sourcecode.c.h; path = BrowserViewController.h; sourceTree = "<group>"; };
		DC6B08CD19BB467300F63A59 /* BrowserViewController.m */ = {isa = PBXFileReference; fileEncoding = 4; lastKnownFileType = sourcecode.c.objc; path = BrowserViewController.m; sourceTree = "<group>"; };
		DC6B08CF19BB481D00F63A59 /* ProfileCard.h */ = {isa = PBXFileReference; fileEncoding = 4; lastKnownFileType = sourcecode.c.h; path = ProfileCard.h; sourceTree = "<group>"; };
		DC6B08D019BB481D00F63A59 /* ProfileCard.m */ = {isa = PBXFileReference; fileEncoding = 4; lastKnownFileType = sourcecode.c.objc; path = ProfileCard.m; sourceTree = "<group>"; };
		DC6B08D219BB484900F63A59 /* Person.h */ = {isa = PBXFileReference; fileEncoding = 4; lastKnownFileType = sourcecode.c.h; path = Person.h; sourceTree = "<group>"; };
		DC6B08D319BB484900F63A59 /* Person.m */ = {isa = PBXFileReference; fileEncoding = 4; lastKnownFileType = sourcecode.c.objc; path = Person.m; sourceTree = "<group>"; };
		DC7C133F19A83B68004B3D79 /* CustomizerViewController.h */ = {isa = PBXFileReference; fileEncoding = 4; lastKnownFileType = sourcecode.c.h; path = CustomizerViewController.h; sourceTree = "<group>"; };
		DC7C134019A83B68004B3D79 /* CustomizerViewController.m */ = {isa = PBXFileReference; fileEncoding = 4; lastKnownFileType = sourcecode.c.objc; path = CustomizerViewController.m; sourceTree = "<group>"; };
		DC8C19DE19B3542B003DE825 /* keyboard-75@2x.png */ = {isa = PBXFileReference; lastKnownFileType = image.png; name = "keyboard-75@2x.png"; path = "../keyboardext/keyboard-75@2x.png"; sourceTree = "<group>"; };
		DC969BB519B367EE009E48F7 /* PrefixHeader.pch */ = {isa = PBXFileReference; fileEncoding = 4; lastKnownFileType = sourcecode.c.h; name = PrefixHeader.pch; path = ../PrefixHeader.pch; sourceTree = "<group>"; };
		DCA62EEE199E4253009E97B0 /* keyboardext.entitlements */ = {isa = PBXFileReference; lastKnownFileType = text.xml; path = keyboardext.entitlements; sourceTree = "<group>"; };
		DCBDB60719BDD9DF00BA1D6D /* SVProgressHUD-Prefix.pch */ = {isa = PBXFileReference; fileEncoding = 4; lastKnownFileType = sourcecode.c.h; path = "SVProgressHUD-Prefix.pch"; sourceTree = "<group>"; };
		DCBDB60819BDD9DF00BA1D6D /* SVProgressHUD.bundle */ = {isa = PBXFileReference; lastKnownFileType = "wrapper.plug-in"; path = SVProgressHUD.bundle; sourceTree = "<group>"; };
		DCBDB60919BDD9DF00BA1D6D /* SVProgressHUD.h */ = {isa = PBXFileReference; fileEncoding = 4; lastKnownFileType = sourcecode.c.h; path = SVProgressHUD.h; sourceTree = "<group>"; };
		DCBDB60A19BDD9DF00BA1D6D /* SVProgressHUD.m */ = {isa = PBXFileReference; fileEncoding = 4; lastKnownFileType = sourcecode.c.objc; path = SVProgressHUD.m; sourceTree = "<group>"; };
		DCBDB60D19BDE70300BA1D6D /* UIActionSheet+Blocks.h */ = {isa = PBXFileReference; fileEncoding = 4; lastKnownFileType = sourcecode.c.h; path = "UIActionSheet+Blocks.h"; sourceTree = "<group>"; };
		DCBDB60E19BDE70300BA1D6D /* UIActionSheet+Blocks.m */ = {isa = PBXFileReference; fileEncoding = 4; lastKnownFileType = sourcecode.c.objc; path = "UIActionSheet+Blocks.m"; sourceTree = "<group>"; };
		DCBDB60F19BDE70300BA1D6D /* UIAlertView+Blocks.h */ = {isa = PBXFileReference; fileEncoding = 4; lastKnownFileType = sourcecode.c.h; path = "UIAlertView+Blocks.h"; sourceTree = "<group>"; };
		DCBDB61019BDE70300BA1D6D /* UIAlertView+Blocks.m */ = {isa = PBXFileReference; fileEncoding = 4; lastKnownFileType = sourcecode.c.objc; path = "UIAlertView+Blocks.m"; sourceTree = "<group>"; };
		DCBDB61319BDE72500BA1D6D /* RIButtonItem.h */ = {isa = PBXFileReference; fileEncoding = 4; lastKnownFileType = sourcecode.c.h; path = RIButtonItem.h; sourceTree = "<group>"; };
		DCBDB61419BDE72500BA1D6D /* RIButtonItem.m */ = {isa = PBXFileReference; fileEncoding = 4; lastKnownFileType = sourcecode.c.objc; path = RIButtonItem.m; sourceTree = "<group>"; };
		DCBDB61819BEACC100BA1D6D /* question-128@2x.png */ = {isa = PBXFileReference; lastKnownFileType = image.png; path = "question-128@2x.png"; sourceTree = "<group>"; };
		DCBDB61A19BEAE6B00BA1D6D /* like-128@2x.png */ = {isa = PBXFileReference; lastKnownFileType = image.png; path = "like-128@2x.png"; sourceTree = "<group>"; };
		DCBDB61C19BEAEFA00BA1D6D /* close-128.png */ = {isa = PBXFileReference; lastKnownFileType = image.png; path = "close-128.png"; sourceTree = "<group>"; };
		DCBDB61E19BEAF4A00BA1D6D /* unlike@2x.png */ = {isa = PBXFileReference; lastKnownFileType = image.png; path = "unlike@2x.png"; sourceTree = "<group>"; };
		DCBDB62419BEB0A600BA1D6D /* eyes@2x.png */ = {isa = PBXFileReference; lastKnownFileType = image.png; path = "eyes@2x.png"; sourceTree = "<group>"; };
		DCBDB62619BEB6EC00BA1D6D /* MessageUI.framework */ = {isa = PBXFileReference; lastKnownFileType = wrapper.framework; name = MessageUI.framework; path = System/Library/Frameworks/MessageUI.framework; sourceTree = SDKROOT; };
		DCBDB62819BEB92E00BA1D6D /* child_new_post-128@2x.png */ = {isa = PBXFileReference; lastKnownFileType = image.png; path = "child_new_post-128@2x.png"; sourceTree = "<group>"; };
		DCD7370919B80C5A004D15D2 /* redGradient@2x.png */ = {isa = PBXFileReference; lastKnownFileType = image.png; path = "redGradient@2x.png"; sourceTree = "<group>"; };
		DCD827DA19AFDAB2008076A8 /* world@2x.png */ = {isa = PBXFileReference; lastKnownFileType = image.png; name = "world@2x.png"; path = "../keyboardext/world@2x.png"; sourceTree = "<group>"; };
		DCD827DD19AFDB6D008076A8 /* globe-40@2x.png */ = {isa = PBXFileReference; lastKnownFileType = image.png; name = "globe-40@2x.png"; path = "../keyboardext/globe-40@2x.png"; sourceTree = "<group>"; };
		DCD827E019AFDBDB008076A8 /* globe-32@2x.png */ = {isa = PBXFileReference; lastKnownFileType = image.png; name = "globe-32@2x.png"; path = "../keyboardext/globe-32@2x.png"; sourceTree = "<group>"; };
		DCD827EA19AFDDE5008076A8 /* KeyboardButton.h */ = {isa = PBXFileReference; fileEncoding = 4; lastKnownFileType = sourcecode.c.h; path = KeyboardButton.h; sourceTree = "<group>"; };
		DCD827EB19AFDDE5008076A8 /* KeyboardButton.m */ = {isa = PBXFileReference; fileEncoding = 4; lastKnownFileType = sourcecode.c.objc; path = KeyboardButton.m; sourceTree = "<group>"; };
		DCD827ED19AFDFE7008076A8 /* share-48@2x.png */ = {isa = PBXFileReference; lastKnownFileType = image.png; name = "share-48@2x.png"; path = "../keyboardext/share-48@2x.png"; sourceTree = "<group>"; };
		DCD827EF19AFE0DB008076A8 /* left_arrow-48@2x.png */ = {isa = PBXFileReference; lastKnownFileType = image.png; name = "left_arrow-48@2x.png"; path = "../keyboardext/left_arrow-48@2x.png"; sourceTree = "<group>"; };
		DCD827F119AFE17C008076A8 /* background_color-50@2x.png */ = {isa = PBXFileReference; lastKnownFileType = image.png; name = "background_color-50@2x.png"; path = "../keyboardext/background_color-50@2x.png"; sourceTree = "<group>"; };
		DCE5CF5C19BB80D700216C6B /* AFHTTPRequestOperation.h */ = {isa = PBXFileReference; fileEncoding = 4; lastKnownFileType = sourcecode.c.h; path = AFHTTPRequestOperation.h; sourceTree = "<group>"; };
		DCE5CF5D19BB80D700216C6B /* AFHTTPRequestOperation.m */ = {isa = PBXFileReference; fileEncoding = 4; lastKnownFileType = sourcecode.c.objc; path = AFHTTPRequestOperation.m; sourceTree = "<group>"; };
		DCE5CF5E19BB80D700216C6B /* AFHTTPRequestOperationManager.h */ = {isa = PBXFileReference; fileEncoding = 4; lastKnownFileType = sourcecode.c.h; path = AFHTTPRequestOperationManager.h; sourceTree = "<group>"; };
		DCE5CF5F19BB80D700216C6B /* AFHTTPRequestOperationManager.m */ = {isa = PBXFileReference; fileEncoding = 4; lastKnownFileType = sourcecode.c.objc; path = AFHTTPRequestOperationManager.m; sourceTree = "<group>"; };
		DCE5CF6019BB80D700216C6B /* AFHTTPSessionManager.h */ = {isa = PBXFileReference; fileEncoding = 4; lastKnownFileType = sourcecode.c.h; path = AFHTTPSessionManager.h; sourceTree = "<group>"; };
		DCE5CF6119BB80D700216C6B /* AFHTTPSessionManager.m */ = {isa = PBXFileReference; fileEncoding = 4; lastKnownFileType = sourcecode.c.objc; path = AFHTTPSessionManager.m; sourceTree = "<group>"; };
		DCE5CF6219BB80D700216C6B /* AFNetworking.h */ = {isa = PBXFileReference; fileEncoding = 4; lastKnownFileType = sourcecode.c.h; path = AFNetworking.h; sourceTree = "<group>"; };
		DCE5CF6319BB80D700216C6B /* AFNetworkReachabilityManager.h */ = {isa = PBXFileReference; fileEncoding = 4; lastKnownFileType = sourcecode.c.h; path = AFNetworkReachabilityManager.h; sourceTree = "<group>"; };
		DCE5CF6419BB80D700216C6B /* AFNetworkReachabilityManager.m */ = {isa = PBXFileReference; fileEncoding = 4; lastKnownFileType = sourcecode.c.objc; path = AFNetworkReachabilityManager.m; sourceTree = "<group>"; };
		DCE5CF6519BB80D700216C6B /* AFSecurityPolicy.h */ = {isa = PBXFileReference; fileEncoding = 4; lastKnownFileType = sourcecode.c.h; path = AFSecurityPolicy.h; sourceTree = "<group>"; };
		DCE5CF6619BB80D700216C6B /* AFSecurityPolicy.m */ = {isa = PBXFileReference; fileEncoding = 4; lastKnownFileType = sourcecode.c.objc; path = AFSecurityPolicy.m; sourceTree = "<group>"; };
		DCE5CF6719BB80D700216C6B /* AFURLConnectionOperation.h */ = {isa = PBXFileReference; fileEncoding = 4; lastKnownFileType = sourcecode.c.h; path = AFURLConnectionOperation.h; sourceTree = "<group>"; };
		DCE5CF6819BB80D700216C6B /* AFURLConnectionOperation.m */ = {isa = PBXFileReference; fileEncoding = 4; lastKnownFileType = sourcecode.c.objc; path = AFURLConnectionOperation.m; sourceTree = "<group>"; };
		DCE5CF6919BB80D700216C6B /* AFURLRequestSerialization.h */ = {isa = PBXFileReference; fileEncoding = 4; lastKnownFileType = sourcecode.c.h; path = AFURLRequestSerialization.h; sourceTree = "<group>"; };
		DCE5CF6A19BB80D700216C6B /* AFURLRequestSerialization.m */ = {isa = PBXFileReference; fileEncoding = 4; lastKnownFileType = sourcecode.c.objc; path = AFURLRequestSerialization.m; sourceTree = "<group>"; };
		DCE5CF6B19BB80D700216C6B /* AFURLResponseSerialization.h */ = {isa = PBXFileReference; fileEncoding = 4; lastKnownFileType = sourcecode.c.h; path = AFURLResponseSerialization.h; sourceTree = "<group>"; };
		DCE5CF6C19BB80D700216C6B /* AFURLResponseSerialization.m */ = {isa = PBXFileReference; fileEncoding = 4; lastKnownFileType = sourcecode.c.objc; path = AFURLResponseSerialization.m; sourceTree = "<group>"; };
		DCE5CF6D19BB80D700216C6B /* AFURLSessionManager.h */ = {isa = PBXFileReference; fileEncoding = 4; lastKnownFileType = sourcecode.c.h; path = AFURLSessionManager.h; sourceTree = "<group>"; };
		DCE5CF6E19BB80D700216C6B /* AFURLSessionManager.m */ = {isa = PBXFileReference; fileEncoding = 4; lastKnownFileType = sourcecode.c.objc; path = AFURLSessionManager.m; sourceTree = "<group>"; };
		DCE5CF6F19BB80D700216C6B /* LICENSE */ = {isa = PBXFileReference; fileEncoding = 4; lastKnownFileType = text; path = LICENSE; sourceTree = "<group>"; };
		DCE5CF7019BB80D700216C6B /* README.md */ = {isa = PBXFileReference; fileEncoding = 4; lastKnownFileType = net.daringfireball.markdown; path = README.md; sourceTree = "<group>"; };
		DCE5CF7219BB80D700216C6B /* AFNetworkActivityIndicatorManager.h */ = {isa = PBXFileReference; fileEncoding = 4; lastKnownFileType = sourcecode.c.h; path = AFNetworkActivityIndicatorManager.h; sourceTree = "<group>"; };
		DCE5CF7319BB80D700216C6B /* AFNetworkActivityIndicatorManager.m */ = {isa = PBXFileReference; fileEncoding = 4; lastKnownFileType = sourcecode.c.objc; path = AFNetworkActivityIndicatorManager.m; sourceTree = "<group>"; };
		DCE5CF7419BB80D700216C6B /* UIActivityIndicatorView+AFNetworking.h */ = {isa = PBXFileReference; fileEncoding = 4; lastKnownFileType = sourcecode.c.h; path = "UIActivityIndicatorView+AFNetworking.h"; sourceTree = "<group>"; };
		DCE5CF7519BB80D700216C6B /* UIActivityIndicatorView+AFNetworking.m */ = {isa = PBXFileReference; fileEncoding = 4; lastKnownFileType = sourcecode.c.objc; path = "UIActivityIndicatorView+AFNetworking.m"; sourceTree = "<group>"; };
		DCE5CF7619BB80D700216C6B /* UIAlertView+AFNetworking.h */ = {isa = PBXFileReference; fileEncoding = 4; lastKnownFileType = sourcecode.c.h; path = "UIAlertView+AFNetworking.h"; sourceTree = "<group>"; };
		DCE5CF7719BB80D700216C6B /* UIAlertView+AFNetworking.m */ = {isa = PBXFileReference; fileEncoding = 4; lastKnownFileType = sourcecode.c.objc; path = "UIAlertView+AFNetworking.m"; sourceTree = "<group>"; };
		DCE5CF7819BB80D700216C6B /* UIButton+AFNetworking.h */ = {isa = PBXFileReference; fileEncoding = 4; lastKnownFileType = sourcecode.c.h; path = "UIButton+AFNetworking.h"; sourceTree = "<group>"; };
		DCE5CF7919BB80D700216C6B /* UIButton+AFNetworking.m */ = {isa = PBXFileReference; fileEncoding = 4; lastKnownFileType = sourcecode.c.objc; path = "UIButton+AFNetworking.m"; sourceTree = "<group>"; };
		DCE5CF7A19BB80D700216C6B /* UIImageView+AFNetworking.h */ = {isa = PBXFileReference; fileEncoding = 4; lastKnownFileType = sourcecode.c.h; path = "UIImageView+AFNetworking.h"; sourceTree = "<group>"; };
		DCE5CF7B19BB80D700216C6B /* UIImageView+AFNetworking.m */ = {isa = PBXFileReference; fileEncoding = 4; lastKnownFileType = sourcecode.c.objc; path = "UIImageView+AFNetworking.m"; sourceTree = "<group>"; };
		DCE5CF7C19BB80D700216C6B /* UIKit+AFNetworking.h */ = {isa = PBXFileReference; fileEncoding = 4; lastKnownFileType = sourcecode.c.h; path = "UIKit+AFNetworking.h"; sourceTree = "<group>"; };
		DCE5CF7D19BB80D700216C6B /* UIProgressView+AFNetworking.h */ = {isa = PBXFileReference; fileEncoding = 4; lastKnownFileType = sourcecode.c.h; path = "UIProgressView+AFNetworking.h"; sourceTree = "<group>"; };
		DCE5CF7E19BB80D700216C6B /* UIProgressView+AFNetworking.m */ = {isa = PBXFileReference; fileEncoding = 4; lastKnownFileType = sourcecode.c.objc; path = "UIProgressView+AFNetworking.m"; sourceTree = "<group>"; };
		DCE5CF7F19BB80D700216C6B /* UIRefreshControl+AFNetworking.h */ = {isa = PBXFileReference; fileEncoding = 4; lastKnownFileType = sourcecode.c.h; path = "UIRefreshControl+AFNetworking.h"; sourceTree = "<group>"; };
		DCE5CF8019BB80D700216C6B /* UIRefreshControl+AFNetworking.m */ = {isa = PBXFileReference; fileEncoding = 4; lastKnownFileType = sourcecode.c.objc; path = "UIRefreshControl+AFNetworking.m"; sourceTree = "<group>"; };
		DCE5CF8119BB80D700216C6B /* UIWebView+AFNetworking.h */ = {isa = PBXFileReference; fileEncoding = 4; lastKnownFileType = sourcecode.c.h; path = "UIWebView+AFNetworking.h"; sourceTree = "<group>"; };
		DCE5CF8219BB80D700216C6B /* UIWebView+AFNetworking.m */ = {isa = PBXFileReference; fileEncoding = 4; lastKnownFileType = sourcecode.c.objc; path = "UIWebView+AFNetworking.m"; sourceTree = "<group>"; };
		DCE5CF8519BB80D700216C6B /* Chameleon.h */ = {isa = PBXFileReference; fileEncoding = 4; lastKnownFileType = sourcecode.c.h; path = Chameleon.h; sourceTree = "<group>"; };
		DCE5CF8619BB80D700216C6B /* ChameleonMacros.h */ = {isa = PBXFileReference; fileEncoding = 4; lastKnownFileType = sourcecode.c.h; path = ChameleonMacros.h; sourceTree = "<group>"; };
		DCE5CF8719BB80D700216C6B /* ChameleonStatusBar.h */ = {isa = PBXFileReference; fileEncoding = 4; lastKnownFileType = sourcecode.c.h; path = ChameleonStatusBar.h; sourceTree = "<group>"; };
		DCE5CF8819BB80D700216C6B /* ChameleonStatusBar.m */ = {isa = PBXFileReference; fileEncoding = 4; lastKnownFileType = sourcecode.c.objc; path = ChameleonStatusBar.m; sourceTree = "<group>"; };
		DCE5CF8919BB80D700216C6B /* NSArray+Chameleon.h */ = {isa = PBXFileReference; fileEncoding = 4; lastKnownFileType = sourcecode.c.h; path = "NSArray+Chameleon.h"; sourceTree = "<group>"; };
		DCE5CF8A19BB80D700216C6B /* NSArray+Chameleon.m */ = {isa = PBXFileReference; fileEncoding = 4; lastKnownFileType = sourcecode.c.objc; path = "NSArray+Chameleon.m"; sourceTree = "<group>"; };
		DCE5CF8B19BB80D700216C6B /* UIColor+Chameleon.h */ = {isa = PBXFileReference; fileEncoding = 4; lastKnownFileType = sourcecode.c.h; path = "UIColor+Chameleon.h"; sourceTree = "<group>"; };
		DCE5CF8C19BB80D700216C6B /* UIColor+Chameleon.m */ = {isa = PBXFileReference; fileEncoding = 4; lastKnownFileType = sourcecode.c.objc; path = "UIColor+Chameleon.m"; sourceTree = "<group>"; };
		DCE5CF8D19BB80D700216C6B /* UIColor+CIELAB.h */ = {isa = PBXFileReference; fileEncoding = 4; lastKnownFileType = sourcecode.c.h; path = "UIColor+CIELAB.h"; sourceTree = "<group>"; };
		DCE5CF8E19BB80D700216C6B /* UIColor+CIELAB.m */ = {isa = PBXFileReference; fileEncoding = 4; lastKnownFileType = sourcecode.c.objc; path = "UIColor+CIELAB.m"; sourceTree = "<group>"; };
		DCE5CF8F19BB80D700216C6B /* UIViewController+Chameleon.h */ = {isa = PBXFileReference; fileEncoding = 4; lastKnownFileType = sourcecode.c.h; path = "UIViewController+Chameleon.h"; sourceTree = "<group>"; };
		DCE5CF9019BB80D700216C6B /* UIViewController+Chameleon.m */ = {isa = PBXFileReference; fileEncoding = 4; lastKnownFileType = sourcecode.c.objc; path = "UIViewController+Chameleon.m"; sourceTree = "<group>"; };
		DCE5CF9119BB80D700216C6B /* LICENSE.md */ = {isa = PBXFileReference; fileEncoding = 4; lastKnownFileType = net.daringfireball.markdown; path = LICENSE.md; sourceTree = "<group>"; };
		DCE5CF9219BB80D700216C6B /* README.md */ = {isa = PBXFileReference; fileEncoding = 4; lastKnownFileType = net.daringfireball.markdown; path = README.md; sourceTree = "<group>"; };
		DEBFD1C2A7ED4DDDBF2A1A93 /* libPods-kaomojikeyboard.a */ = {isa = PBXFileReference; explicitFileType = archive.ar; includeInIndex = 0; path = "libPods-kaomojikeyboard.a"; sourceTree = BUILT_PRODUCTS_DIR; };
/* End PBXFileReference section */

/* Begin PBXFrameworksBuildPhase section */
		DC639A9919985DBF00ED1449 /* Frameworks */ = {
			isa = PBXFrameworksBuildPhase;
			buildActionMask = 2147483647;
			files = (
				DCBDB62719BEB6EC00BA1D6D /* MessageUI.framework in Frameworks */,
				DC6308C819BCB2990082E20E /* AVKit.framework in Frameworks */,
			);
			runOnlyForDeploymentPostprocessing = 0;
		};
		DC639AC319985E3800ED1449 /* Frameworks */ = {
			isa = PBXFrameworksBuildPhase;
			buildActionMask = 2147483647;
			files = (
			);
			runOnlyForDeploymentPostprocessing = 0;
		};
/* End PBXFrameworksBuildPhase section */

/* Begin PBXGroup section */
		C1985E912B184DCBBFDE8B6D /* Frameworks */ = {
			isa = PBXGroup;
			children = (
				DCBDB62619BEB6EC00BA1D6D /* MessageUI.framework */,
				DC6308C619BCAFF20082E20E /* AVFoundation.framework */,
				DC6308C419BCAE530082E20E /* AVKit.framework */,
				735664914D614B1DB70C59AC /* libPods.a */,
				DEBFD1C2A7ED4DDDBF2A1A93 /* libPods-kaomojikeyboard.a */,
			);
			name = Frameworks;
			sourceTree = "<group>";
		};
		DC10DEF319A1948F0027F37D /* MorphingLabel */ = {
			isa = PBXGroup;
			children = (
				DC10DEF419A194970027F37D /* NSString+Morphing.h */,
				DC10DEF519A194970027F37D /* NSString+Morphing.m */,
				DC10DEF619A194970027F37D /* TOMSMorphingLabel.h */,
				DC10DEF719A194970027F37D /* TOMSMorphingLabel.m */,
			);
			name = MorphingLabel;
			sourceTree = "<group>";
		};
		DC6308BE19BCABF70082E20E /* movies */ = {
			isa = PBXGroup;
			children = (
				DC354AA819C019B900B9A4CF /* iphoneKeyboard.mp4 */,
			);
			name = movies;
			sourceTree = "<group>";
		};
		DC639A9319985DBF00ED1449 = {
			isa = PBXGroup;
			children = (
				DCBDB61319BDE72500BA1D6D /* RIButtonItem.h */,
				DCBDB61419BDE72500BA1D6D /* RIButtonItem.m */,
				DCBDB60D19BDE70300BA1D6D /* UIActionSheet+Blocks.h */,
				DCBDB60E19BDE70300BA1D6D /* UIActionSheet+Blocks.m */,
				DCBDB60F19BDE70300BA1D6D /* UIAlertView+Blocks.h */,
				DCBDB61019BDE70300BA1D6D /* UIAlertView+Blocks.m */,
				DCBDB60619BDD9DF00BA1D6D /* SVProgressHUD */,
				DCE5CF5A19BB80D700216C6B /* AFNetworking */,
				DCE5CF8319BB80D700216C6B /* ChameleonFramework */,
				DC6B089E19BB43DA00F63A59 /* MDCSwipeToChoose */,
				DC639A9E19985DBF00ED1449 /* kaomojikeyboard */,
				DC639AC719985E3800ED1449 /* keyboardext */,
				DC639A9D19985DBF00ED1449 /* Products */,
				C1985E912B184DCBBFDE8B6D /* Frameworks */,
			);
			sourceTree = "<group>";
		};
		DC639A9D19985DBF00ED1449 /* Products */ = {
			isa = PBXGroup;
			children = (
				DC639A9C19985DBF00ED1449 /* kaomojikeyboard.app */,
				DC639AC619985E3800ED1449 /* keyboardext.appex */,
			);
			name = Products;
			sourceTree = "<group>";
		};
		DC639A9E19985DBF00ED1449 /* kaomojikeyboard */ = {
			isa = PBXGroup;
			children = (
				DC6308BE19BCABF70082E20E /* movies */,
				DC8C19E219B3557F003DE825 /* Images */,
				DC28365E199E401300E7625A /* kaomojikeyboard.entitlements */,
				DC33BD8219BCF5230088AB9A /* CustomButton.h */,
				DC33BD8319BCF5230088AB9A /* CustomButton.m */,
				DC6308C119BCAE070082E20E /* MovieController.h */,
				DC6308C219BCAE070082E20E /* MovieController.m */,
				DC639AA319985DBF00ED1449 /* AppDelegate.h */,
				DC639AA419985DBF00ED1449 /* AppDelegate.m */,
				DC6308BB19BCA87D0082E20E /* TabBarController.h */,
				DC6308BC19BCA87D0082E20E /* TabBarController.m */,
				DC639AA619985DBF00ED1449 /* ViewController.h */,
				DC639AA719985DBF00ED1449 /* ViewController.m */,
				DC7C133F19A83B68004B3D79 /* CustomizerViewController.h */,
				DC7C134019A83B68004B3D79 /* CustomizerViewController.m */,
				DC6B08CC19BB467300F63A59 /* BrowserViewController.h */,
				DC6B08CD19BB467300F63A59 /* BrowserViewController.m */,
				DC6308B619BB90450082E20E /* TipsViewController.h */,
				DC6308B719BB90450082E20E /* TipsViewController.m */,
				DC6B08D219BB484900F63A59 /* Person.h */,
				DC6B08D319BB484900F63A59 /* Person.m */,
				DC6B08CF19BB481D00F63A59 /* ProfileCard.h */,
				DC6B08D019BB481D00F63A59 /* ProfileCard.m */,
				DC6308AE19BB88CB0082E20E /* ProfileCard.xib */,
				DC639AA919985DBF00ED1449 /* Main.storyboard */,
				DC639AAC19985DBF00ED1449 /* Images.xcassets */,
				DC639A9F19985DBF00ED1449 /* Supporting Files */,
				DC10DEFA19A286430027F37D /* emojis.h */,
			);
			path = kaomojikeyboard;
			sourceTree = "<group>";
		};
		DC639A9F19985DBF00ED1449 /* Supporting Files */ = {
			isa = PBXGroup;
			children = (
				DC969BB519B367EE009E48F7 /* PrefixHeader.pch */,
				DC639AA019985DBF00ED1449 /* Info.plist */,
				DC639AA119985DBF00ED1449 /* main.m */,
			);
			name = "Supporting Files";
			sourceTree = "<group>";
		};
		DC639AC719985E3800ED1449 /* keyboardext */ = {
			isa = PBXGroup;
			children = (
				DC10DEF319A1948F0027F37D /* MorphingLabel */,
				DCA62EEE199E4253009E97B0 /* keyboardext.entitlements */,
				DC5F4316199870BC0077BF33 /* LDCollectionViewCell.h */,
				DC5F4317199870BC0077BF33 /* LDCollectionViewCell.m */,
				DC5F4318199870BC0077BF33 /* LDCollectionViewCell.xib */,
				DC5F431319986DA90077BF33 /* ADLivelyCollectionView.h */,
				DC5F431419986DA90077BF33 /* ADLivelyCollectionView.m */,
				DC639ACA19985E3800ED1449 /* KeyboardViewController.h */,
				DC639ACB19985E3800ED1449 /* KeyboardViewController.m */,
				DC5F43101998663F0077BF33 /* KeyboardView.h */,
				DC5F43111998663F0077BF33 /* Keyboardview.m */,
				DC5F430E1998621B0077BF33 /* KeyboardView.xib */,
				DCD827EA19AFDDE5008076A8 /* KeyboardButton.h */,
				DCD827EB19AFDDE5008076A8 /* KeyboardButton.m */,
				DC639AC819985E3800ED1449 /* Supporting Files */,
			);
			path = keyboardext;
			sourceTree = "<group>";
		};
		DC639AC819985E3800ED1449 /* Supporting Files */ = {
			isa = PBXGroup;
			children = (
				DC639AC919985E3800ED1449 /* Info.plist */,
			);
			name = "Supporting Files";
			sourceTree = "<group>";
		};
		DC6B089E19BB43DA00F63A59 /* MDCSwipeToChoose */ = {
			isa = PBXGroup;
			children = (
				DC6B089F19BB43DA00F63A59 /* LICENSE */,
				DC6B08A019BB43DA00F63A59 /* MDCSwipeToChoose */,
				DC6B08BF19BB43DA00F63A59 /* README.md */,
			);
			path = MDCSwipeToChoose;
			sourceTree = "<group>";
		};
		DC6B08A019BB43DA00F63A59 /* MDCSwipeToChoose */ = {
			isa = PBXGroup;
			children = (
				DC6B08A119BB43DA00F63A59 /* Internal */,
				DC6B08AC19BB43DA00F63A59 /* Public */,
			);
			path = MDCSwipeToChoose;
			sourceTree = "<group>";
		};
		DC6B08A119BB43DA00F63A59 /* Internal */ = {
			isa = PBXGroup;
			children = (
				DC6B08A219BB43DA00F63A59 /* MDCGeometry.h */,
				DC6B08A319BB43DA00F63A59 /* MDCGeometry.m */,
				DC6B08A419BB43DA00F63A59 /* State */,
				DC6B08A719BB43DA00F63A59 /* UIColor+MDCRGB8Bit.h */,
				DC6B08A819BB43DA00F63A59 /* UIColor+MDCRGB8Bit.m */,
				DC6B08A919BB43DA00F63A59 /* Views */,
			);
			path = Internal;
			sourceTree = "<group>";
		};
		DC6B08A419BB43DA00F63A59 /* State */ = {
			isa = PBXGroup;
			children = (
				DC6B08A519BB43DA00F63A59 /* MDCViewState.h */,
				DC6B08A619BB43DA00F63A59 /* MDCViewState.m */,
			);
			path = State;
			sourceTree = "<group>";
		};
		DC6B08A919BB43DA00F63A59 /* Views */ = {
			isa = PBXGroup;
			children = (
				DC6B08AA19BB43DA00F63A59 /* UIView+MDCBorderedLabel.h */,
				DC6B08AB19BB43DA00F63A59 /* UIView+MDCBorderedLabel.m */,
			);
			path = Views;
			sourceTree = "<group>";
		};
		DC6B08AC19BB43DA00F63A59 /* Public */ = {
			isa = PBXGroup;
			children = (
				DC6B08AD19BB43DA00F63A59 /* MDCSwipeToChoose.h */,
				DC6B08AE19BB43DA00F63A59 /* Options */,
				DC6B08B319BB43DA00F63A59 /* State */,
				DC6B08B919BB43DA00F63A59 /* Views */,
			);
			path = Public;
			sourceTree = "<group>";
		};
		DC6B08AE19BB43DA00F63A59 /* Options */ = {
			isa = PBXGroup;
			children = (
				DC6B08AF19BB43DA00F63A59 /* MDCSwipeOptions.h */,
				DC6B08B019BB43DA00F63A59 /* MDCSwipeOptions.m */,
				DC6B08B119BB43DA00F63A59 /* MDCSwipeToChooseViewOptions.h */,
				DC6B08B219BB43DA00F63A59 /* MDCSwipeToChooseViewOptions.m */,
			);
			path = Options;
			sourceTree = "<group>";
		};
		DC6B08B319BB43DA00F63A59 /* State */ = {
			isa = PBXGroup;
			children = (
				DC6B08B419BB43DA00F63A59 /* MDCPanState.h */,
				DC6B08B519BB43DA00F63A59 /* MDCPanState.m */,
				DC6B08B619BB43DA00F63A59 /* MDCSwipeDirection.h */,
				DC6B08B719BB43DA00F63A59 /* MDCSwipeResult.h */,
				DC6B08B819BB43DA00F63A59 /* MDCSwipeResult.m */,
			);
			path = State;
			sourceTree = "<group>";
		};
		DC6B08B919BB43DA00F63A59 /* Views */ = {
			isa = PBXGroup;
			children = (
				DC6B08BA19BB43DA00F63A59 /* MDCSwipeToChooseDelegate.h */,
				DC6B08BB19BB43DA00F63A59 /* MDCSwipeToChooseView.h */,
				DC6B08BC19BB43DA00F63A59 /* MDCSwipeToChooseView.m */,
				DC6B08BD19BB43DA00F63A59 /* UIView+MDCSwipeToChoose.h */,
				DC6B08BE19BB43DA00F63A59 /* UIView+MDCSwipeToChoose.m */,
			);
			path = Views;
			sourceTree = "<group>";
		};
		DC8C19E219B3557F003DE825 /* Images */ = {
			isa = PBXGroup;
			children = (
				DCBDB62819BEB92E00BA1D6D /* child_new_post-128@2x.png */,
				DCBDB62419BEB0A600BA1D6D /* eyes@2x.png */,
				DCBDB61E19BEAF4A00BA1D6D /* unlike@2x.png */,
				DCBDB61C19BEAEFA00BA1D6D /* close-128.png */,
				DCBDB61A19BEAE6B00BA1D6D /* like-128@2x.png */,
				DCBDB61819BEACC100BA1D6D /* question-128@2x.png */,
				DC33BD8519BCF6F10088AB9A /* update-75@2x.png */,
				DC6308CB19BCB5950082E20E /* playMovie@2x.png */,
				DC6308B419BB8FA50082E20E /* info-75@2x.png */,
				DC6308B219BB8C1A0082E20E /* 2f_tap-75@2x.png */,
				DC6B089A19B9F15900F63A59 /* greenGradient@2x.png */,
				DC6B089819B8750400F63A59 /* blueGradient@2x.png */,
				DCD7370919B80C5A004D15D2 /* redGradient@2x.png */,
				DC10DEF119A126B90027F37D /* return@2x.png */,
				DCD827EF19AFE0DB008076A8 /* left_arrow-48@2x.png */,
				DC10DEEF19A126B20027F37D /* delete@2x.png */,
				DCD827F119AFE17C008076A8 /* background_color-50@2x.png */,
				DCD827ED19AFDFE7008076A8 /* share-48@2x.png */,
				DC10DEED19A126AB0027F37D /* globe@2x.png */,
				DCD827E019AFDBDB008076A8 /* globe-32@2x.png */,
				DCD827DD19AFDB6D008076A8 /* globe-40@2x.png */,
				DCD827DA19AFDAB2008076A8 /* world@2x.png */,
				DC8C19DE19B3542B003DE825 /* keyboard-75@2x.png */,
			);
			name = Images;
			sourceTree = "<group>";
		};
		DCBDB60619BDD9DF00BA1D6D /* SVProgressHUD */ = {
			isa = PBXGroup;
			children = (
				DCBDB60719BDD9DF00BA1D6D /* SVProgressHUD-Prefix.pch */,
				DCBDB60819BDD9DF00BA1D6D /* SVProgressHUD.bundle */,
				DCBDB60919BDD9DF00BA1D6D /* SVProgressHUD.h */,
				DCBDB60A19BDD9DF00BA1D6D /* SVProgressHUD.m */,
			);
			path = SVProgressHUD;
			sourceTree = "<group>";
		};
		DCE5CF5A19BB80D700216C6B /* AFNetworking */ = {
			isa = PBXGroup;
			children = (
				DCE5CF5B19BB80D700216C6B /* AFNetworking */,
				DCE5CF6F19BB80D700216C6B /* LICENSE */,
				DCE5CF7019BB80D700216C6B /* README.md */,
				DCE5CF7119BB80D700216C6B /* UIKit+AFNetworking */,
			);
			path = AFNetworking;
			sourceTree = "<group>";
		};
		DCE5CF5B19BB80D700216C6B /* AFNetworking */ = {
			isa = PBXGroup;
			children = (
				DCE5CF5C19BB80D700216C6B /* AFHTTPRequestOperation.h */,
				DCE5CF5D19BB80D700216C6B /* AFHTTPRequestOperation.m */,
				DCE5CF5E19BB80D700216C6B /* AFHTTPRequestOperationManager.h */,
				DCE5CF5F19BB80D700216C6B /* AFHTTPRequestOperationManager.m */,
				DCE5CF6019BB80D700216C6B /* AFHTTPSessionManager.h */,
				DCE5CF6119BB80D700216C6B /* AFHTTPSessionManager.m */,
				DCE5CF6219BB80D700216C6B /* AFNetworking.h */,
				DCE5CF6319BB80D700216C6B /* AFNetworkReachabilityManager.h */,
				DCE5CF6419BB80D700216C6B /* AFNetworkReachabilityManager.m */,
				DCE5CF6519BB80D700216C6B /* AFSecurityPolicy.h */,
				DCE5CF6619BB80D700216C6B /* AFSecurityPolicy.m */,
				DCE5CF6719BB80D700216C6B /* AFURLConnectionOperation.h */,
				DCE5CF6819BB80D700216C6B /* AFURLConnectionOperation.m */,
				DCE5CF6919BB80D700216C6B /* AFURLRequestSerialization.h */,
				DCE5CF6A19BB80D700216C6B /* AFURLRequestSerialization.m */,
				DCE5CF6B19BB80D700216C6B /* AFURLResponseSerialization.h */,
				DCE5CF6C19BB80D700216C6B /* AFURLResponseSerialization.m */,
				DCE5CF6D19BB80D700216C6B /* AFURLSessionManager.h */,
				DCE5CF6E19BB80D700216C6B /* AFURLSessionManager.m */,
			);
			path = AFNetworking;
			sourceTree = "<group>";
		};
		DCE5CF7119BB80D700216C6B /* UIKit+AFNetworking */ = {
			isa = PBXGroup;
			children = (
				DCE5CF7219BB80D700216C6B /* AFNetworkActivityIndicatorManager.h */,
				DCE5CF7319BB80D700216C6B /* AFNetworkActivityIndicatorManager.m */,
				DCE5CF7419BB80D700216C6B /* UIActivityIndicatorView+AFNetworking.h */,
				DCE5CF7519BB80D700216C6B /* UIActivityIndicatorView+AFNetworking.m */,
				DCE5CF7619BB80D700216C6B /* UIAlertView+AFNetworking.h */,
				DCE5CF7719BB80D700216C6B /* UIAlertView+AFNetworking.m */,
				DCE5CF7819BB80D700216C6B /* UIButton+AFNetworking.h */,
				DCE5CF7919BB80D700216C6B /* UIButton+AFNetworking.m */,
				DCE5CF7A19BB80D700216C6B /* UIImageView+AFNetworking.h */,
				DCE5CF7B19BB80D700216C6B /* UIImageView+AFNetworking.m */,
				DCE5CF7C19BB80D700216C6B /* UIKit+AFNetworking.h */,
				DCE5CF7D19BB80D700216C6B /* UIProgressView+AFNetworking.h */,
				DCE5CF7E19BB80D700216C6B /* UIProgressView+AFNetworking.m */,
				DCE5CF7F19BB80D700216C6B /* UIRefreshControl+AFNetworking.h */,
				DCE5CF8019BB80D700216C6B /* UIRefreshControl+AFNetworking.m */,
				DCE5CF8119BB80D700216C6B /* UIWebView+AFNetworking.h */,
				DCE5CF8219BB80D700216C6B /* UIWebView+AFNetworking.m */,
			);
			path = "UIKit+AFNetworking";
			sourceTree = "<group>";
		};
		DCE5CF8319BB80D700216C6B /* ChameleonFramework */ = {
			isa = PBXGroup;
			children = (
				DCE5CF8419BB80D700216C6B /* Chameleon */,
				DCE5CF9119BB80D700216C6B /* LICENSE.md */,
				DCE5CF9219BB80D700216C6B /* README.md */,
			);
			path = ChameleonFramework;
			sourceTree = "<group>";
		};
		DCE5CF8419BB80D700216C6B /* Chameleon */ = {
			isa = PBXGroup;
			children = (
				DCE5CF8519BB80D700216C6B /* Chameleon.h */,
				DCE5CF8619BB80D700216C6B /* ChameleonMacros.h */,
				DCE5CF8719BB80D700216C6B /* ChameleonStatusBar.h */,
				DCE5CF8819BB80D700216C6B /* ChameleonStatusBar.m */,
				DCE5CF8919BB80D700216C6B /* NSArray+Chameleon.h */,
				DCE5CF8A19BB80D700216C6B /* NSArray+Chameleon.m */,
				DCE5CF8B19BB80D700216C6B /* UIColor+Chameleon.h */,
				DCE5CF8C19BB80D700216C6B /* UIColor+Chameleon.m */,
				DCE5CF8D19BB80D700216C6B /* UIColor+CIELAB.h */,
				DCE5CF8E19BB80D700216C6B /* UIColor+CIELAB.m */,
				DCE5CF8F19BB80D700216C6B /* UIViewController+Chameleon.h */,
				DCE5CF9019BB80D700216C6B /* UIViewController+Chameleon.m */,
			);
			path = Chameleon;
			sourceTree = "<group>";
		};
/* End PBXGroup section */

/* Begin PBXNativeTarget section */
		DC639A9B19985DBF00ED1449 /* kaomojikeyboard */ = {
			isa = PBXNativeTarget;
			buildConfigurationList = DC639ABC19985DBF00ED1449 /* Build configuration list for PBXNativeTarget "kaomojikeyboard" */;
			buildPhases = (
				DC639A9819985DBF00ED1449 /* Sources */,
				DC639A9919985DBF00ED1449 /* Frameworks */,
				DC639A9A19985DBF00ED1449 /* Resources */,
				DC639AD519985E3800ED1449 /* Embed App Extensions */,
			);
			buildRules = (
			);
			dependencies = (
				DC639ACE19985E3800ED1449 /* PBXTargetDependency */,
				DC639AD119985E3800ED1449 /* PBXTargetDependency */,
			);
			name = kaomojikeyboard;
			productName = kaomojikeyboard;
			productReference = DC639A9C19985DBF00ED1449 /* kaomojikeyboard.app */;
			productType = "com.apple.product-type.application";
		};
		DC639AC519985E3800ED1449 /* keyboardext */ = {
			isa = PBXNativeTarget;
			buildConfigurationList = DC639AD219985E3800ED1449 /* Build configuration list for PBXNativeTarget "keyboardext" */;
			buildPhases = (
				DC639AC219985E3800ED1449 /* Sources */,
				DC639AC319985E3800ED1449 /* Frameworks */,
				DC639AC419985E3800ED1449 /* Resources */,
			);
			buildRules = (
			);
			dependencies = (
			);
			name = keyboardext;
			productName = keyboardext;
			productReference = DC639AC619985E3800ED1449 /* keyboardext.appex */;
			productType = "com.apple.product-type.app-extension";
		};
/* End PBXNativeTarget section */

/* Begin PBXProject section */
		DC639A9419985DBF00ED1449 /* Project object */ = {
			isa = PBXProject;
			attributes = {
				LastUpgradeCheck = 0600;
				ORGANIZATIONNAME = "Seventh Night Studios";
				TargetAttributes = {
					DC639A9B19985DBF00ED1449 = {
						CreatedOnToolsVersion = 6.0;
						DevelopmentTeam = L449VMBF95;
						SystemCapabilities = {
							com.apple.ApplicationGroups.iOS = {
								enabled = 1;
							};
						};
					};
					DC639AC519985E3800ED1449 = {
						CreatedOnToolsVersion = 6.0;
						DevelopmentTeam = L449VMBF95;
						SystemCapabilities = {
							com.apple.ApplicationGroups.iOS = {
								enabled = 1;
							};
						};
					};
				};
			};
			buildConfigurationList = DC639A9719985DBF00ED1449 /* Build configuration list for PBXProject "kaomojikeyboard" */;
			compatibilityVersion = "Xcode 3.2";
			developmentRegion = English;
			hasScannedForEncodings = 0;
			knownRegions = (
				en,
				Base,
			);
			mainGroup = DC639A9319985DBF00ED1449;
			productRefGroup = DC639A9D19985DBF00ED1449 /* Products */;
			projectDirPath = "";
			projectRoot = "";
			targets = (
				DC639A9B19985DBF00ED1449 /* kaomojikeyboard */,
				DC639AC519985E3800ED1449 /* keyboardext */,
			);
		};
/* End PBXProject section */

/* Begin PBXResourcesBuildPhase section */
		DC639A9A19985DBF00ED1449 /* Resources */ = {
			isa = PBXResourcesBuildPhase;
			buildActionMask = 2147483647;
			files = (
				DC33BD8619BCF6F10088AB9A /* update-75@2x.png in Resources */,
				DCD7370A19B80C5A004D15D2 /* redGradient@2x.png in Resources */,
				DC354AA919C019B900B9A4CF /* iphoneKeyboard.mp4 in Resources */,
				DCBDB61919BEACC100BA1D6D /* question-128@2x.png in Resources */,
				DC6308B319BB8C1A0082E20E /* 2f_tap-75@2x.png in Resources */,
				DCBDB62919BEB92E00BA1D6D /* child_new_post-128@2x.png in Resources */,
				DC8C19DF19B3542B003DE825 /* keyboard-75@2x.png in Resources */,
				DCD827E119AFDBDB008076A8 /* globe-32@2x.png in Resources */,
				DCBDB60B19BDD9DF00BA1D6D /* SVProgressHUD.bundle in Resources */,
				DC6B089C19B9F15900F63A59 /* greenGradient@2x.png in Resources */,
				DCBDB62519BEB0A600BA1D6D /* eyes@2x.png in Resources */,
				DCBDB61F19BEAF4A00BA1D6D /* unlike@2x.png in Resources */,
				DCBDB61B19BEAE6B00BA1D6D /* like-128@2x.png in Resources */,
				DC6308CC19BCB5950082E20E /* playMovie@2x.png in Resources */,
				DC639AAB19985DBF00ED1449 /* Main.storyboard in Resources */,
				DC6308B519BB8FA50082E20E /* info-75@2x.png in Resources */,
				DC6B08C019BB43DA00F63A59 /* LICENSE in Resources */,
				DCE5CFD419BB80D700216C6B /* LICENSE in Resources */,
				DC639AAD19985DBF00ED1449 /* Images.xcassets in Resources */,
				DCD827DB19AFDAB2008076A8 /* world@2x.png in Resources */,
				DC6B089919B8750400F63A59 /* blueGradient@2x.png in Resources */,
				DC6308AF19BB88CB0082E20E /* ProfileCard.xib in Resources */,
				DCBDB61D19BEAEFA00BA1D6D /* close-128.png in Resources */,
				DCD827DE19AFDB6D008076A8 /* globe-40@2x.png in Resources */,
			);
			runOnlyForDeploymentPostprocessing = 0;
		};
		DC639AC419985E3800ED1449 /* Resources */ = {
			isa = PBXResourcesBuildPhase;
			buildActionMask = 2147483647;
			files = (
				DC10DEF019A126B20027F37D /* delete@2x.png in Resources */,
				DC10DEEE19A126AB0027F37D /* globe@2x.png in Resources */,
				DCD827E219AFDBDB008076A8 /* globe-32@2x.png in Resources */,
				DCD827DF19AFDB6D008076A8 /* globe-40@2x.png in Resources */,
				DCD827F219AFE17C008076A8 /* background_color-50@2x.png in Resources */,
				DC5F431A199870BC0077BF33 /* LDCollectionViewCell.xib in Resources */,
				DCD827F019AFE0DB008076A8 /* left_arrow-48@2x.png in Resources */,
				DCD827DC19AFDAB2008076A8 /* world@2x.png in Resources */,
				DC5F430F1998621B0077BF33 /* KeyboardView.xib in Resources */,
				DC10DEF219A126B90027F37D /* return@2x.png in Resources */,
				DCD827EE19AFDFE7008076A8 /* share-48@2x.png in Resources */,
			);
			runOnlyForDeploymentPostprocessing = 0;
		};
/* End PBXResourcesBuildPhase section */

/* Begin PBXSourcesBuildPhase section */
		DC639A9819985DBF00ED1449 /* Sources */ = {
			isa = PBXSourcesBuildPhase;
			buildActionMask = 2147483647;
			files = (
				DC7C134219A84240004B3D79 /* NSString+Morphing.h in Sources */,
				DC6B08C319BB43DA00F63A59 /* UIColor+MDCRGB8Bit.m in Sources */,
				DCE5CFCB19BB80D700216C6B /* AFHTTPRequestOperation.m in Sources */,
				DC7C134319A84240004B3D79 /* NSString+Morphing.m in Sources */,
				DCE5CFE419BB80D700216C6B /* README.md in Sources */,
				DCBDB60C19BDD9DF00BA1D6D /* SVProgressHUD.m in Sources */,
				DC7C134419A84240004B3D79 /* TOMSMorphingLabel.h in Sources */,
				DC6B08C619BB43DA00F63A59 /* MDCSwipeToChooseViewOptions.m in Sources */,
				DC7C134519A84240004B3D79 /* TOMSMorphingLabel.m in Sources */,
				DCE5CFD119BB80D700216C6B /* AFURLRequestSerialization.m in Sources */,
				DCE5CFCD19BB80D700216C6B /* AFHTTPSessionManager.m in Sources */,
				DC7C134619A84240004B3D79 /* LDCollectionViewCell.h in Sources */,
				DCE5CFD519BB80D700216C6B /* README.md in Sources */,
				DCE5CFD019BB80D700216C6B /* AFURLConnectionOperation.m in Sources */,
				DCBDB61219BDE70300BA1D6D /* UIAlertView+Blocks.m in Sources */,
				DC6B08C219BB43DA00F63A59 /* MDCViewState.m in Sources */,
				DCE5CFDC19BB80D700216C6B /* UIRefreshControl+AFNetworking.m in Sources */,
				DCE5CFE219BB80D700216C6B /* UIViewController+Chameleon.m in Sources */,
				DC7C134719A84240004B3D79 /* LDCollectionViewCell.m in Sources */,
				DC7C134819A84240004B3D79 /* LDCollectionViewCell.xib in Sources */,
				DC6B08C119BB43DA00F63A59 /* MDCGeometry.m in Sources */,
				DCE5CFD919BB80D700216C6B /* UIButton+AFNetworking.m in Sources */,
				DC6B08CA19BB43DA00F63A59 /* UIView+MDCSwipeToChoose.m in Sources */,
				DC6B08C919BB43DA00F63A59 /* MDCSwipeToChooseView.m in Sources */,
				DCE5CFDB19BB80D700216C6B /* UIProgressView+AFNetworking.m in Sources */,
				DCE5CFD619BB80D700216C6B /* AFNetworkActivityIndicatorManager.m in Sources */,
				DCE5CFDF19BB80D700216C6B /* NSArray+Chameleon.m in Sources */,
				DCE5CFD219BB80D700216C6B /* AFURLResponseSerialization.m in Sources */,
				DC6B08C519BB43DA00F63A59 /* MDCSwipeOptions.m in Sources */,
				DC7C134919A84240004B3D79 /* ADLivelyCollectionView.h in Sources */,
				DCE5CFDD19BB80D700216C6B /* UIWebView+AFNetworking.m in Sources */,
				DC7C134A19A84240004B3D79 /* ADLivelyCollectionView.m in Sources */,
				DC7C134B19A84240004B3D79 /* KeyboardViewController.h in Sources */,
				DCE5CFDA19BB80D700216C6B /* UIImageView+AFNetworking.m in Sources */,
				DCE5CFCC19BB80D700216C6B /* AFHTTPRequestOperationManager.m in Sources */,
				DC6B08D119BB481D00F63A59 /* ProfileCard.m in Sources */,
				DC7C134C19A84240004B3D79 /* KeyboardViewController.m in Sources */,
				DC6B08C719BB43DA00F63A59 /* MDCPanState.m in Sources */,
				DCE5CFE019BB80D700216C6B /* UIColor+Chameleon.m in Sources */,
				DC6308B819BB90450082E20E /* TipsViewController.m in Sources */,
				DCE5CFCF19BB80D700216C6B /* AFSecurityPolicy.m in Sources */,
				DC6B08C419BB43DA00F63A59 /* UIView+MDCBorderedLabel.m in Sources */,
				DC6B08D419BB484900F63A59 /* Person.m in Sources */,
				DC639AA819985DBF00ED1449 /* ViewController.m in Sources */,
				DCBDB61119BDE70300BA1D6D /* UIActionSheet+Blocks.m in Sources */,
				DCE5CFE119BB80D700216C6B /* UIColor+CIELAB.m in Sources */,
				DC7C134119A83B68004B3D79 /* CustomizerViewController.m in Sources */,
				DC6308C319BCAE070082E20E /* MovieController.m in Sources */,
				DCE5CFCE19BB80D700216C6B /* AFNetworkReachabilityManager.m in Sources */,
				DCBDB61519BDE72500BA1D6D /* RIButtonItem.m in Sources */,
				DCE5CFE319BB80D700216C6B /* LICENSE.md in Sources */,
				DC6B08CB19BB43DA00F63A59 /* README.md in Sources */,
				DC639AA519985DBF00ED1449 /* AppDelegate.m in Sources */,
				DC6B08C819BB43DA00F63A59 /* MDCSwipeResult.m in Sources */,
				DCE5CFD819BB80D700216C6B /* UIAlertView+AFNetworking.m in Sources */,
				DC6B08CE19BB467300F63A59 /* BrowserViewController.m in Sources */,
				DCE5CFDE19BB80D700216C6B /* ChameleonStatusBar.m in Sources */,
				DC639AA219985DBF00ED1449 /* main.m in Sources */,
				DC6308BD19BCA87D0082E20E /* TabBarController.m in Sources */,
				DCE5CFD319BB80D700216C6B /* AFURLSessionManager.m in Sources */,
				DCE5CFD719BB80D700216C6B /* UIActivityIndicatorView+AFNetworking.m in Sources */,
				DC33BD8419BCF5230088AB9A /* CustomButton.m in Sources */,
			);
			runOnlyForDeploymentPostprocessing = 0;
		};
		DC639AC219985E3800ED1449 /* Sources */ = {
			isa = PBXSourcesBuildPhase;
			buildActionMask = 2147483647;
			files = (
				DC5F4319199870BC0077BF33 /* LDCollectionViewCell.m in Sources */,
				DC639ACC19985E3800ED1449 /* KeyboardViewController.m in Sources */,
				DC5F431519986DA90077BF33 /* ADLivelyCollectionView.m in Sources */,
				DCD827EC19AFDDE5008076A8 /* KeyboardButton.m in Sources */,
				DC10DEF819A194970027F37D /* NSString+Morphing.m in Sources */,
				DC5F43121998663F0077BF33 /* Keyboardview.m in Sources */,
				DC10DEF919A194970027F37D /* TOMSMorphingLabel.m in Sources */,
			);
			runOnlyForDeploymentPostprocessing = 0;
		};
/* End PBXSourcesBuildPhase section */

/* Begin PBXTargetDependency section */
		DC639ACE19985E3800ED1449 /* PBXTargetDependency */ = {
			isa = PBXTargetDependency;
			target = DC639AC519985E3800ED1449 /* keyboardext */;
			targetProxy = DC639ACD19985E3800ED1449 /* PBXContainerItemProxy */;
		};
		DC639AD119985E3800ED1449 /* PBXTargetDependency */ = {
			isa = PBXTargetDependency;
			target = DC639AC519985E3800ED1449 /* keyboardext */;
			targetProxy = DC639AD019985E3800ED1449 /* PBXContainerItemProxy */;
		};
/* End PBXTargetDependency section */

/* Begin PBXVariantGroup section */
		DC639AA919985DBF00ED1449 /* Main.storyboard */ = {
			isa = PBXVariantGroup;
			children = (
				DC639AAA19985DBF00ED1449 /* Base */,
			);
			name = Main.storyboard;
			sourceTree = "<group>";
		};
/* End PBXVariantGroup section */

/* Begin XCBuildConfiguration section */
		DC639ABA19985DBF00ED1449 /* Debug */ = {
			isa = XCBuildConfiguration;
			buildSettings = {
				ALWAYS_SEARCH_USER_PATHS = NO;
				CLANG_CXX_LANGUAGE_STANDARD = "gnu++0x";
				CLANG_CXX_LIBRARY = "libc++";
				CLANG_ENABLE_MODULES = YES;
				CLANG_ENABLE_OBJC_ARC = YES;
				CLANG_WARN_BOOL_CONVERSION = YES;
				CLANG_WARN_CONSTANT_CONVERSION = YES;
				CLANG_WARN_DIRECT_OBJC_ISA_USAGE = YES_ERROR;
				CLANG_WARN_EMPTY_BODY = YES;
				CLANG_WARN_ENUM_CONVERSION = YES;
				CLANG_WARN_INT_CONVERSION = YES;
				CLANG_WARN_OBJC_ROOT_CLASS = YES_ERROR;
				CLANG_WARN_UNREACHABLE_CODE = YES;
				CLANG_WARN__DUPLICATE_METHOD_MATCH = YES;
				"CODE_SIGN_IDENTITY[sdk=iphoneos*]" = "iPhone Developer";
				COPY_PHASE_STRIP = NO;
				ENABLE_STRICT_OBJC_MSGSEND = YES;
				GCC_C_LANGUAGE_STANDARD = gnu99;
				GCC_DYNAMIC_NO_PIC = NO;
				GCC_OPTIMIZATION_LEVEL = 0;
				GCC_PREPROCESSOR_DEFINITIONS = (
					"DEBUG=1",
					"$(inherited)",
				);
				GCC_SYMBOLS_PRIVATE_EXTERN = NO;
				GCC_WARN_64_TO_32_BIT_CONVERSION = YES;
				GCC_WARN_ABOUT_RETURN_TYPE = YES_ERROR;
				GCC_WARN_UNDECLARED_SELECTOR = YES;
				GCC_WARN_UNINITIALIZED_AUTOS = YES_AGGRESSIVE;
				GCC_WARN_UNUSED_FUNCTION = YES;
				GCC_WARN_UNUSED_VARIABLE = YES;
				IPHONEOS_DEPLOYMENT_TARGET = 8.0;
				MTL_ENABLE_DEBUG_INFO = YES;
				ONLY_ACTIVE_ARCH = YES;
				SDKROOT = iphoneos;
				TARGETED_DEVICE_FAMILY = "1,2";
			};
			name = Debug;
		};
		DC639ABB19985DBF00ED1449 /* Release */ = {
			isa = XCBuildConfiguration;
			buildSettings = {
				ALWAYS_SEARCH_USER_PATHS = NO;
				CLANG_CXX_LANGUAGE_STANDARD = "gnu++0x";
				CLANG_CXX_LIBRARY = "libc++";
				CLANG_ENABLE_MODULES = YES;
				CLANG_ENABLE_OBJC_ARC = YES;
				CLANG_WARN_BOOL_CONVERSION = YES;
				CLANG_WARN_CONSTANT_CONVERSION = YES;
				CLANG_WARN_DIRECT_OBJC_ISA_USAGE = YES_ERROR;
				CLANG_WARN_EMPTY_BODY = YES;
				CLANG_WARN_ENUM_CONVERSION = YES;
				CLANG_WARN_INT_CONVERSION = YES;
				CLANG_WARN_OBJC_ROOT_CLASS = YES_ERROR;
				CLANG_WARN_UNREACHABLE_CODE = YES;
				CLANG_WARN__DUPLICATE_METHOD_MATCH = YES;
				"CODE_SIGN_IDENTITY[sdk=iphoneos*]" = "iPhone Developer";
				COPY_PHASE_STRIP = YES;
				ENABLE_NS_ASSERTIONS = NO;
				ENABLE_STRICT_OBJC_MSGSEND = YES;
				GCC_C_LANGUAGE_STANDARD = gnu99;
				GCC_WARN_64_TO_32_BIT_CONVERSION = YES;
				GCC_WARN_ABOUT_RETURN_TYPE = YES_ERROR;
				GCC_WARN_UNDECLARED_SELECTOR = YES;
				GCC_WARN_UNINITIALIZED_AUTOS = YES_AGGRESSIVE;
				GCC_WARN_UNUSED_FUNCTION = YES;
				GCC_WARN_UNUSED_VARIABLE = YES;
				IPHONEOS_DEPLOYMENT_TARGET = 8.0;
				MTL_ENABLE_DEBUG_INFO = NO;
				SDKROOT = iphoneos;
				TARGETED_DEVICE_FAMILY = "1,2";
				VALIDATE_PRODUCT = YES;
			};
			name = Release;
		};
		DC639ABD19985DBF00ED1449 /* Debug */ = {
			isa = XCBuildConfiguration;
			buildSettings = {
				ASSETCATALOG_COMPILER_APPICON_NAME = AppIcon;
				ASSETCATALOG_COMPILER_LAUNCHIMAGE_NAME = LaunchImage;
				CODE_SIGN_ENTITLEMENTS = kaomojikeyboard/kaomojikeyboard.entitlements;
				CODE_SIGN_IDENTITY = "iPhone Developer";
				"CODE_SIGN_IDENTITY[sdk=iphoneos*]" = "iPhone Developer";
				GCC_PRECOMPILE_PREFIX_HEADER = YES;
				GCC_PREFIX_HEADER = PrefixHeader.pch;
				INFOPLIST_FILE = kaomojikeyboard/Info.plist;
				LD_RUNPATH_SEARCH_PATHS = "$(inherited) @executable_path/Frameworks";
				ONLY_ACTIVE_ARCH = NO;
				PRODUCT_NAME = "$(TARGET_NAME)";
				PROVISIONING_PROFILE = "";
			};
			name = Debug;
		};
		DC639ABE19985DBF00ED1449 /* Release */ = {
			isa = XCBuildConfiguration;
			buildSettings = {
				ASSETCATALOG_COMPILER_APPICON_NAME = AppIcon;
				ASSETCATALOG_COMPILER_LAUNCHIMAGE_NAME = LaunchImage;
				CODE_SIGN_ENTITLEMENTS = kaomojikeyboard/kaomojikeyboard.entitlements;
				CODE_SIGN_IDENTITY = "iPhone Distribution";
				"CODE_SIGN_IDENTITY[sdk=iphoneos*]" = "iPhone Distribution";
				GCC_PRECOMPILE_PREFIX_HEADER = YES;
				GCC_PREFIX_HEADER = PrefixHeader.pch;
				INFOPLIST_FILE = kaomojikeyboard/Info.plist;
				LD_RUNPATH_SEARCH_PATHS = "$(inherited) @executable_path/Frameworks";
				PRODUCT_NAME = "$(TARGET_NAME)";
				PROVISIONING_PROFILE = "33cc5c63-9a2d-4c94-b6fc-ab6c461cb8f1";
			};
			name = Release;
		};
		DC639AD319985E3800ED1449 /* Debug */ = {
			isa = XCBuildConfiguration;
			buildSettings = {
				CODE_SIGN_ENTITLEMENTS = keyboardext/keyboardext.entitlements;
				CODE_SIGN_IDENTITY = "iPhone Developer";
				"CODE_SIGN_IDENTITY[sdk=iphoneos*]" = "iPhone Developer";
				GCC_PREPROCESSOR_DEFINITIONS = (
					"DEBUG=1",
					"$(inherited)",
				);
				INFOPLIST_FILE = keyboardext/Info.plist;
				LD_RUNPATH_SEARCH_PATHS = "$(inherited) @executable_path/Frameworks @executable_path/../../Frameworks";
				PRODUCT_NAME = "$(TARGET_NAME)";
				PROVISIONING_PROFILE = "";
				SKIP_INSTALL = YES;
				USER_HEADER_SEARCH_PATHS = "";
			};
			name = Debug;
		};
		DC639AD419985E3800ED1449 /* Release */ = {
			isa = XCBuildConfiguration;
			buildSettings = {
				CODE_SIGN_ENTITLEMENTS = keyboardext/keyboardext.entitlements;
				CODE_SIGN_IDENTITY = "iPhone Distribution";
				"CODE_SIGN_IDENTITY[sdk=iphoneos*]" = "iPhone Distribution";
				INFOPLIST_FILE = keyboardext/Info.plist;
				LD_RUNPATH_SEARCH_PATHS = "$(inherited) @executable_path/Frameworks @executable_path/../../Frameworks";
				PRODUCT_NAME = "$(TARGET_NAME)";
				PROVISIONING_PROFILE = "5c49a580-896b-4512-9abf-fab0782d23df";
				SKIP_INSTALL = YES;
				USER_HEADER_SEARCH_PATHS = "";
			};
			name = Release;
		};
/* End XCBuildConfiguration section */

/* Begin XCConfigurationList section */
		DC639A9719985DBF00ED1449 /* Build configuration list for PBXProject "kaomojikeyboard" */ = {
			isa = XCConfigurationList;
			buildConfigurations = (
				DC639ABA19985DBF00ED1449 /* Debug */,
				DC639ABB19985DBF00ED1449 /* Release */,
			);
			defaultConfigurationIsVisible = 0;
			defaultConfigurationName = Release;
		};
		DC639ABC19985DBF00ED1449 /* Build configuration list for PBXNativeTarget "kaomojikeyboard" */ = {
			isa = XCConfigurationList;
			buildConfigurations = (
				DC639ABD19985DBF00ED1449 /* Debug */,
				DC639ABE19985DBF00ED1449 /* Release */,
			);
			defaultConfigurationIsVisible = 0;
			defaultConfigurationName = Release;
		};
		DC639AD219985E3800ED1449 /* Build configuration list for PBXNativeTarget "keyboardext" */ = {
			isa = XCConfigurationList;
			buildConfigurations = (
				DC639AD319985E3800ED1449 /* Debug */,
				DC639AD419985E3800ED1449 /* Release */,
			);
			defaultConfigurationIsVisible = 0;
			defaultConfigurationName = Release;
		};
/* End XCConfigurationList section */
	};
	rootObject = DC639A9419985DBF00ED1449 /* Project object */;
}
